// !$*UTF8*$!
{
	archiveVersion = 1;
	classes = {
	};
	objectVersion = 46;
	objects = {

/* Begin PBXBuildFile section */
		8A0422C31A18955B00D50A39 /* DeviceConfigIconPlist.plist in Resources */ = {isa = PBXBuildFile; fileRef = 8A0422C11A18955B00D50A39 /* DeviceConfigIconPlist.plist */; };
		8A0422C41A18955B00D50A39 /* iConPlist.plist in Resources */ = {isa = PBXBuildFile; fileRef = 8A0422C21A18955B00D50A39 /* iConPlist.plist */; };
		8A121FFB1A2CABAB00B37EA5 /* LightViewController.m in Sources */ = {isa = PBXBuildFile; fileRef = 8A121FFA1A2CABAB00B37EA5 /* LightViewController.m */; };
		8A1C36CB1A0F68BB00E5A3B4 /* LeftBoard.m in Sources */ = {isa = PBXBuildFile; fileRef = 8A1C36CA1A0F68BB00E5A3B4 /* LeftBoard.m */; };
		8A1D595D1A14F24F00AE66C9 /* Login.storyboard in Resources */ = {isa = PBXBuildFile; fileRef = 8A1D59591A14F24F00AE66C9 /* Login.storyboard */; };
		8A1D595E1A14F24F00AE66C9 /* Main.storyboard in Resources */ = {isa = PBXBuildFile; fileRef = 8A1D595A1A14F24F00AE66C9 /* Main.storyboard */; };
		8A1D59611A14F2D300AE66C9 /* IconCollectionCell.m in Sources */ = {isa = PBXBuildFile; fileRef = 8A1D59601A14F2D300AE66C9 /* IconCollectionCell.m */; };
		8A206D4D1A16E5FC001A8CB5 /* RoomButton.m in Sources */ = {isa = PBXBuildFile; fileRef = 8A206D4C1A16E5FC001A8CB5 /* RoomButton.m */; };
		8A26D5E81A1E2E560013C9C0 /* SenceCell.m in Sources */ = {isa = PBXBuildFile; fileRef = 8A26D5E71A1E2E560013C9C0 /* SenceCell.m */; };
		8A2C31031A047A970017287B /* Foundation.framework in Frameworks */ = {isa = PBXBuildFile; fileRef = 8A2C31021A047A970017287B /* Foundation.framework */; };
		8A2C31051A047A970017287B /* CoreGraphics.framework in Frameworks */ = {isa = PBXBuildFile; fileRef = 8A2C31041A047A970017287B /* CoreGraphics.framework */; };
		8A2C31071A047A970017287B /* UIKit.framework in Frameworks */ = {isa = PBXBuildFile; fileRef = 8A2C31061A047A970017287B /* UIKit.framework */; };
		8A2C310D1A047A970017287B /* InfoPlist.strings in Resources */ = {isa = PBXBuildFile; fileRef = 8A2C310B1A047A970017287B /* InfoPlist.strings */; };
		8A2C310F1A047A970017287B /* main.m in Sources */ = {isa = PBXBuildFile; fileRef = 8A2C310E1A047A970017287B /* main.m */; };
		8A2C31131A047A970017287B /* AppDelegate.m in Sources */ = {isa = PBXBuildFile; fileRef = 8A2C31121A047A970017287B /* AppDelegate.m */; };
		8A2C31151A047A970017287B /* Images.xcassets in Resources */ = {isa = PBXBuildFile; fileRef = 8A2C31141A047A970017287B /* Images.xcassets */; };
		8A2C311C1A047A970017287B /* XCTest.framework in Frameworks */ = {isa = PBXBuildFile; fileRef = 8A2C311B1A047A970017287B /* XCTest.framework */; };
		8A2C311D1A047A970017287B /* Foundation.framework in Frameworks */ = {isa = PBXBuildFile; fileRef = 8A2C31021A047A970017287B /* Foundation.framework */; };
		8A2C311E1A047A970017287B /* UIKit.framework in Frameworks */ = {isa = PBXBuildFile; fileRef = 8A2C31061A047A970017287B /* UIKit.framework */; };
		8A2C31261A047A970017287B /* InfoPlist.strings in Resources */ = {isa = PBXBuildFile; fileRef = 8A2C31241A047A970017287B /* InfoPlist.strings */; };
		8A2C31281A047A970017287B /* QLinkHDTests.m in Sources */ = {isa = PBXBuildFile; fileRef = 8A2C31271A047A970017287B /* QLinkHDTests.m */; };
		8A2C31381A0486F00017287B /* LoginViewController.m in Sources */ = {isa = PBXBuildFile; fileRef = 8A2C31371A0486F00017287B /* LoginViewController.m */; };
		8A3B548B1A2B1FED00840614 /* RemoteViewController.m in Sources */ = {isa = PBXBuildFile; fileRef = 8A3B548A1A2B1FED00840614 /* RemoteViewController.m */; };
		8A49A0531A24CC7800697596 /* SenceConfigViewController.m in Sources */ = {isa = PBXBuildFile; fileRef = 8A49A0521A24CC7800697596 /* SenceConfigViewController.m */; };
		8A49A0831A24CF3200697596 /* BsTcView.m in Sources */ = {isa = PBXBuildFile; fileRef = 8A49A0551A24CF3200697596 /* BsTcView.m */; };
		8A49A0841A24CF3200697596 /* BsTcView.xib in Resources */ = {isa = PBXBuildFile; fileRef = 8A49A0561A24CF3200697596 /* BsTcView.xib */; };
		8A49A0851A24CF3200697596 /* DtView.m in Sources */ = {isa = PBXBuildFile; fileRef = 8A49A0581A24CF3200697596 /* DtView.m */; };
		8A49A0861A24CF3200697596 /* DtView.xib in Resources */ = {isa = PBXBuildFile; fileRef = 8A49A0591A24CF3200697596 /* DtView.xib */; };
		8A49A0871A24CF3200697596 /* HsView.m in Sources */ = {isa = PBXBuildFile; fileRef = 8A49A05B1A24CF3200697596 /* HsView.m */; };
		8A49A0881A24CF3200697596 /* HsView.xib in Resources */ = {isa = PBXBuildFile; fileRef = 8A49A05C1A24CF3200697596 /* HsView.xib */; };
		8A49A08A1A24CF3200697596 /* LightBbView.m in Sources */ = {isa = PBXBuildFile; fileRef = 8A49A0601A24CF3200697596 /* LightBbView.m */; };
		8A49A08B1A24CF3200697596 /* LightBbView.xib in Resources */ = {isa = PBXBuildFile; fileRef = 8A49A0611A24CF3200697596 /* LightBbView.xib */; };
		8A49A08C1A24CF3200697596 /* LightBcView.m in Sources */ = {isa = PBXBuildFile; fileRef = 8A49A0631A24CF3200697596 /* LightBcView.m */; };
		8A49A08D1A24CF3200697596 /* LightBcView.xib in Resources */ = {isa = PBXBuildFile; fileRef = 8A49A0641A24CF3200697596 /* LightBcView.xib */; };
		8A49A08E1A24CF3200697596 /* LightBriView.m in Sources */ = {isa = PBXBuildFile; fileRef = 8A49A0661A24CF3200697596 /* LightBriView.m */; };
		8A49A08F1A24CF3200697596 /* LightBriView.xib in Resources */ = {isa = PBXBuildFile; fileRef = 8A49A0671A24CF3200697596 /* LightBriView.xib */; };
		8A49A0901A24CF3200697596 /* McView.m in Sources */ = {isa = PBXBuildFile; fileRef = 8A49A0691A24CF3200697596 /* McView.m */; };
		8A49A0911A24CF3200697596 /* McView.xib in Resources */ = {isa = PBXBuildFile; fileRef = 8A49A06A1A24CF3200697596 /* McView.xib */; };
		8A49A0921A24CF3200697596 /* NmView.m in Sources */ = {isa = PBXBuildFile; fileRef = 8A49A06C1A24CF3200697596 /* NmView.m */; };
		8A49A0931A24CF3200697596 /* NmView.xib in Resources */ = {isa = PBXBuildFile; fileRef = 8A49A06D1A24CF3200697596 /* NmView.xib */; };
		8A49A0941A24CF3200697596 /* OtView.m in Sources */ = {isa = PBXBuildFile; fileRef = 8A49A06F1A24CF3200697596 /* OtView.m */; };
		8A49A0951A24CF3200697596 /* OtView.xib in Resources */ = {isa = PBXBuildFile; fileRef = 8A49A0701A24CF3200697596 /* OtView.xib */; };
		8A49A0961A24CF3200697596 /* PlView.m in Sources */ = {isa = PBXBuildFile; fileRef = 8A49A0721A24CF3200697596 /* PlView.m */; };
		8A49A0971A24CF3200697596 /* PlView.xib in Resources */ = {isa = PBXBuildFile; fileRef = 8A49A0731A24CF3200697596 /* PlView.xib */; };
		8A49A0981A24CF3200697596 /* SdView.m in Sources */ = {isa = PBXBuildFile; fileRef = 8A49A0751A24CF3200697596 /* SdView.m */; };
		8A49A0991A24CF3200697596 /* SdView.xib in Resources */ = {isa = PBXBuildFile; fileRef = 8A49A0761A24CF3200697596 /* SdView.xib */; };
		8A49A09A1A24CF3200697596 /* StudyTimerView.m in Sources */ = {isa = PBXBuildFile; fileRef = 8A49A0781A24CF3200697596 /* StudyTimerView.m */; };
		8A49A09B1A24CF3200697596 /* StudyTimerView.xib in Resources */ = {isa = PBXBuildFile; fileRef = 8A49A0791A24CF3200697596 /* StudyTimerView.xib */; };
		8A49A09C1A24CF3200697596 /* SwView.m in Sources */ = {isa = PBXBuildFile; fileRef = 8A49A07B1A24CF3200697596 /* SwView.m */; };
		8A49A09D1A24CF3200697596 /* SwView.xib in Resources */ = {isa = PBXBuildFile; fileRef = 8A49A07C1A24CF3200697596 /* SwView.xib */; };
		8A49A09E1A24CF3200697596 /* SwView1.m in Sources */ = {isa = PBXBuildFile; fileRef = 8A49A07E1A24CF3200697596 /* SwView1.m */; };
		8A49A09F1A24CF3200697596 /* SwView1.xib in Resources */ = {isa = PBXBuildFile; fileRef = 8A49A07F1A24CF3200697596 /* SwView1.xib */; };
		8A49A0A01A24CF3200697596 /* TrView.m in Sources */ = {isa = PBXBuildFile; fileRef = 8A49A0811A24CF3200697596 /* TrView.m */; };
		8A49A0A11A24CF3200697596 /* TrView.xib in Resources */ = {isa = PBXBuildFile; fileRef = 8A49A0821A24CF3200697596 /* TrView.xib */; };
		8A49A0A41A24D33C00697596 /* MySlider.m in Sources */ = {isa = PBXBuildFile; fileRef = 8A49A0A31A24D33C00697596 /* MySlider.m */; };
		8A49A0A71A24D85300697596 /* OrderButton.m in Sources */ = {isa = PBXBuildFile; fileRef = 8A49A0A61A24D85300697596 /* OrderButton.m */; };
		8A50E79A1A0A6B3400E2AE99 /* BottomBoard.m in Sources */ = {isa = PBXBuildFile; fileRef = 8A50E7991A0A6B3400E2AE99 /* BottomBoard.m */; };
		8A50E79D1A0A6B6700E2AE99 /* BottomView.m in Sources */ = {isa = PBXBuildFile; fileRef = 8A50E79C1A0A6B6700E2AE99 /* BottomView.m */; };
		8A50E7A61A0A731600E2AE99 /* UIView+xib.m in Sources */ = {isa = PBXBuildFile; fileRef = 8A50E7A51A0A731600E2AE99 /* UIView+xib.m */; };
		8A50E7AA1A0A792000E2AE99 /* BottomView.xib in Resources */ = {isa = PBXBuildFile; fileRef = 8A50E7A91A0A792000E2AE99 /* BottomView.xib */; };
		8A706BC91A1112060000C3FF /* LeftView.m in Sources */ = {isa = PBXBuildFile; fileRef = 8A706BC81A1112060000C3FF /* LeftView.m */; };
		8A706BCB1A1112150000C3FF /* LeftView.xib in Resources */ = {isa = PBXBuildFile; fileRef = 8A706BCA1A1112150000C3FF /* LeftView.xib */; };
		8A908ED51A0E2DAE00AF9FB9 /* UIButton+image.m in Sources */ = {isa = PBXBuildFile; fileRef = 8A908ED41A0E2DAE00AF9FB9 /* UIButton+image.m */; };
		8A9B3CCA1A1A347400FABB46 /* RenameView.m in Sources */ = {isa = PBXBuildFile; fileRef = 8A9B3CC81A1A347400FABB46 /* RenameView.m */; };
		8A9B3CCB1A1A347400FABB46 /* RenameView.xib in Resources */ = {isa = PBXBuildFile; fileRef = 8A9B3CC91A1A347400FABB46 /* RenameView.xib */; };
		8A9B42AA1A051772005CCC9C /* SetupIpViewController.m in Sources */ = {isa = PBXBuildFile; fileRef = 8A9B42A91A051772005CCC9C /* SetupIpViewController.m */; };
		8A9B42BA1A051C3A005CCC9C /* MainViewController.m in Sources */ = {isa = PBXBuildFile; fileRef = 8A9B42B91A051C3A005CCC9C /* MainViewController.m */; };
		8A9B42CE1A05236D005CCC9C /* DataUtil.m in Sources */ = {isa = PBXBuildFile; fileRef = 8A9B42C11A05236D005CCC9C /* DataUtil.m */; };
		8A9B42CF1A05236D005CCC9C /* Model.m in Sources */ = {isa = PBXBuildFile; fileRef = 8A9B42C31A05236D005CCC9C /* Model.m */; };
		8A9B42D01A05236D005CCC9C /* NetworkUtil.m in Sources */ = {isa = PBXBuildFile; fileRef = 8A9B42C51A05236D005CCC9C /* NetworkUtil.m */; };
		8A9B42D11A05236D005CCC9C /* NSData+NSDataBytesToHex.m in Sources */ = {isa = PBXBuildFile; fileRef = 8A9B42C71A05236D005CCC9C /* NSData+NSDataBytesToHex.m */; };
		8A9B42D21A05236D005CCC9C /* NSString+NSStringHexToBytes.m in Sources */ = {isa = PBXBuildFile; fileRef = 8A9B42C91A05236D005CCC9C /* NSString+NSStringHexToBytes.m */; };
		8A9B42D31A05236D005CCC9C /* QLink.sqlite in Resources */ = {isa = PBXBuildFile; fileRef = 8A9B42CA1A05236D005CCC9C /* QLink.sqlite */; };
		8A9B42D41A05236D005CCC9C /* SQLiteUtil.m in Sources */ = {isa = PBXBuildFile; fileRef = 8A9B42CC1A05236D005CCC9C /* SQLiteUtil.m */; };
		8A9ED4E51A1B8C17009136C6 /* DeviceConfigViewController.m in Sources */ = {isa = PBXBuildFile; fileRef = 8A9ED4E41A1B8C17009136C6 /* DeviceConfigViewController.m */; };
		8A9ED4E81A1B9764009136C6 /* BaseViewController.m in Sources */ = {isa = PBXBuildFile; fileRef = 8A9ED4E71A1B9764009136C6 /* BaseViewController.m */; };
		8A9ED4EE1A1B985C009136C6 /* ActionNullClass.m in Sources */ = {isa = PBXBuildFile; fileRef = 8A9ED4ED1A1B985C009136C6 /* ActionNullClass.m */; };
		8AA18B981A1CE46C000C7D09 /* SenceCell.xib in Resources */ = {isa = PBXBuildFile; fileRef = 8AA18B971A1CE46C000C7D09 /* SenceCell.xib */; };
		8AA7FCAD1A18DA350017C703 /* IconViewController.m in Sources */ = {isa = PBXBuildFile; fileRef = 8AA7FCAC1A18DA350017C703 /* IconViewController.m */; };
		8AA7FCB11A18DB150017C703 /* Icon.storyboard in Resources */ = {isa = PBXBuildFile; fileRef = 8AA7FCB01A18DB150017C703 /* Icon.storyboard */; };
		8AA7FCB51A18E4B10017C703 /* BottomRightView.m in Sources */ = {isa = PBXBuildFile; fileRef = 8AA7FCB41A18E4B10017C703 /* BottomRightView.m */; };
		8AA7FCB71A18E4C90017C703 /* BottomRightView.xib in Resources */ = {isa = PBXBuildFile; fileRef = 8AA7FCB61A18E4C90017C703 /* BottomRightView.xib */; };
		8AAB937A1A04E05400B803FC /* AFHTTPRequestOperation.m in Sources */ = {isa = PBXBuildFile; fileRef = 8AAB934B1A04E05400B803FC /* AFHTTPRequestOperation.m */; };
		8AAB937B1A04E05400B803FC /* AFHTTPRequestOperationManager.m in Sources */ = {isa = PBXBuildFile; fileRef = 8AAB934D1A04E05400B803FC /* AFHTTPRequestOperationManager.m */; };
		8AAB937C1A04E05400B803FC /* AFHTTPSessionManager.m in Sources */ = {isa = PBXBuildFile; fileRef = 8AAB934F1A04E05400B803FC /* AFHTTPSessionManager.m */; };
		8AAB937D1A04E05400B803FC /* AFNetworkReachabilityManager.m in Sources */ = {isa = PBXBuildFile; fileRef = 8AAB93521A04E05400B803FC /* AFNetworkReachabilityManager.m */; };
		8AAB937E1A04E05400B803FC /* AFSecurityPolicy.m in Sources */ = {isa = PBXBuildFile; fileRef = 8AAB93541A04E05400B803FC /* AFSecurityPolicy.m */; };
		8AAB937F1A04E05400B803FC /* AFURLConnectionOperation.m in Sources */ = {isa = PBXBuildFile; fileRef = 8AAB93561A04E05400B803FC /* AFURLConnectionOperation.m */; };
		8AAB93801A04E05400B803FC /* AFURLRequestSerialization.m in Sources */ = {isa = PBXBuildFile; fileRef = 8AAB93581A04E05400B803FC /* AFURLRequestSerialization.m */; };
		8AAB93811A04E05400B803FC /* AFURLResponseSerialization.m in Sources */ = {isa = PBXBuildFile; fileRef = 8AAB935A1A04E05400B803FC /* AFURLResponseSerialization.m */; };
		8AAB93821A04E05400B803FC /* AFURLSessionManager.m in Sources */ = {isa = PBXBuildFile; fileRef = 8AAB935C1A04E05400B803FC /* AFURLSessionManager.m */; };
		8AAB93831A04E05400B803FC /* FMDatabase.m in Sources */ = {isa = PBXBuildFile; fileRef = 8AAB935F1A04E05400B803FC /* FMDatabase.m */; };
		8AAB93841A04E05400B803FC /* FMDatabaseAdditions.m in Sources */ = {isa = PBXBuildFile; fileRef = 8AAB93611A04E05400B803FC /* FMDatabaseAdditions.m */; };
		8AAB93851A04E05400B803FC /* FMDatabasePool.m in Sources */ = {isa = PBXBuildFile; fileRef = 8AAB93631A04E05400B803FC /* FMDatabasePool.m */; };
		8AAB93861A04E05400B803FC /* FMDatabaseQueue.m in Sources */ = {isa = PBXBuildFile; fileRef = 8AAB93651A04E05400B803FC /* FMDatabaseQueue.m */; };
		8AAB93871A04E05400B803FC /* FMResultSet.m in Sources */ = {isa = PBXBuildFile; fileRef = 8AAB93681A04E05400B803FC /* FMResultSet.m */; };
		8AAB93881A04E05400B803FC /* SimplePing.m in Sources */ = {isa = PBXBuildFile; fileRef = 8AAB936B1A04E05400B803FC /* SimplePing.m */; settings = {COMPILER_FLAGS = "-fno-objc-arc"; }; };
		8AAB93891A04E05400B803FC /* SimplePingHelper.m in Sources */ = {isa = PBXBuildFile; fileRef = 8AAB936D1A04E05400B803FC /* SimplePingHelper.m */; settings = {COMPILER_FLAGS = "-fno-objc-arc"; }; };
		8AAB938A1A04E05400B803FC /* GCDAsyncSocket.m in Sources */ = {isa = PBXBuildFile; fileRef = 8AAB93701A04E05400B803FC /* GCDAsyncSocket.m */; };
		8AAB938B1A04E05400B803FC /* GCDAsyncUdpSocket.m in Sources */ = {isa = PBXBuildFile; fileRef = 8AAB93721A04E05400B803FC /* GCDAsyncUdpSocket.m */; };
		8AAB938C1A04E05400B803FC /* SVProgressHUD.bundle in Resources */ = {isa = PBXBuildFile; fileRef = 8AAB93741A04E05400B803FC /* SVProgressHUD.bundle */; };
		8AAB938D1A04E05400B803FC /* SVProgressHUD.m in Sources */ = {isa = PBXBuildFile; fileRef = 8AAB93761A04E05400B803FC /* SVProgressHUD.m */; };
		8AAB938E1A04E05400B803FC /* XMLDictionary.m in Sources */ = {isa = PBXBuildFile; fileRef = 8AAB93791A04E05400B803FC /* XMLDictionary.m */; };
		8AAB93971A050CA500B803FC /* libz.1.1.3.dylib in Frameworks */ = {isa = PBXBuildFile; fileRef = 8AAB93961A050CA500B803FC /* libz.1.1.3.dylib */; };
		8AAB93991A050CAC00B803FC /* Security.framework in Frameworks */ = {isa = PBXBuildFile; fileRef = 8AAB93981A050CAC00B803FC /* Security.framework */; };
		8AAB939B1A050CB500B803FC /* CoreLocation.framework in Frameworks */ = {isa = PBXBuildFile; fileRef = 8AAB939A1A050CB500B803FC /* CoreLocation.framework */; };
		8AAB939D1A050CBB00B803FC /* MobileCoreServices.framework in Frameworks */ = {isa = PBXBuildFile; fileRef = 8AAB939C1A050CBB00B803FC /* MobileCoreServices.framework */; };
		8AAB939F1A050CC600B803FC /* SystemConfiguration.framework in Frameworks */ = {isa = PBXBuildFile; fileRef = 8AAB939E1A050CC600B803FC /* SystemConfiguration.framework */; };
		8AAB93A11A050CCC00B803FC /* CFNetwork.framework in Frameworks */ = {isa = PBXBuildFile; fileRef = 8AAB93A01A050CCC00B803FC /* CFNetwork.framework */; };
		8AAB93A41A050CD900B803FC /* libsqlite3.0.dylib in Frameworks */ = {isa = PBXBuildFile; fileRef = 8AAB93A21A050CD900B803FC /* libsqlite3.0.dylib */; };
		8AAB93A51A050CD900B803FC /* libsqlite3.dylib in Frameworks */ = {isa = PBXBuildFile; fileRef = 8AAB93A31A050CD900B803FC /* libsqlite3.dylib */; };
		8AB6FBE71A275F27003EA0C6 /* SenceConfig.storyboard in Resources */ = {isa = PBXBuildFile; fileRef = 8AB6FBE61A275F27003EA0C6 /* SenceConfig.storyboard */; };
		8AB6FBEA1A276F25003EA0C6 /* SenceConfigCell.m in Sources */ = {isa = PBXBuildFile; fileRef = 8AB6FBE91A276F25003EA0C6 /* SenceConfigCell.m */; };
		8AB89B691A18C59900183AE5 /* NSObject+MKBlockAdditions.m in Sources */ = {isa = PBXBuildFile; fileRef = 8AB89B641A18C59900183AE5 /* NSObject+MKBlockAdditions.m */; settings = {COMPILER_FLAGS = "-fno-objc-arc"; }; };
		8AB89B6A1A18C59900183AE5 /* UIActionSheet+MKBlockAdditions.m in Sources */ = {isa = PBXBuildFile; fileRef = 8AB89B661A18C59900183AE5 /* UIActionSheet+MKBlockAdditions.m */; settings = {COMPILER_FLAGS = "-fno-objc-arc"; }; };
		8AB89B6B1A18C59900183AE5 /* UIAlertView+MKBlockAdditions.m in Sources */ = {isa = PBXBuildFile; fileRef = 8AB89B681A18C59900183AE5 /* UIAlertView+MKBlockAdditions.m */; settings = {COMPILER_FLAGS = "-fno-objc-arc"; }; };
/* End PBXBuildFile section */

/* Begin PBXContainerItemProxy section */
		8A2C311F1A047A970017287B /* PBXContainerItemProxy */ = {
			isa = PBXContainerItemProxy;
			containerPortal = 8A2C30F71A047A970017287B /* Project object */;
			proxyType = 1;
			remoteGlobalIDString = 8A2C30FE1A047A970017287B;
			remoteInfo = QLinkHD;
		};
/* End PBXContainerItemProxy section */

/* Begin PBXFileReference section */
		8A0422C11A18955B00D50A39 /* DeviceConfigIconPlist.plist */ = {isa = PBXFileReference; fileEncoding = 4; lastKnownFileType = text.plist.xml; path = DeviceConfigIconPlist.plist; sourceTree = "<group>"; };
		8A0422C21A18955B00D50A39 /* iConPlist.plist */ = {isa = PBXFileReference; fileEncoding = 4; lastKnownFileType = text.plist.xml; path = iConPlist.plist; sourceTree = "<group>"; };
		8A121FF91A2CABAB00B37EA5 /* LightViewController.h */ = {isa = PBXFileReference; fileEncoding = 4; lastKnownFileType = sourcecode.c.h; path = LightViewController.h; sourceTree = "<group>"; };
		8A121FFA1A2CABAB00B37EA5 /* LightViewController.m */ = {isa = PBXFileReference; fileEncoding = 4; lastKnownFileType = sourcecode.c.objc; path = LightViewController.m; sourceTree = "<group>"; };
		8A1C36C91A0F68BB00E5A3B4 /* LeftBoard.h */ = {isa = PBXFileReference; fileEncoding = 4; lastKnownFileType = sourcecode.c.h; path = LeftBoard.h; sourceTree = "<group>"; };
		8A1C36CA1A0F68BB00E5A3B4 /* LeftBoard.m */ = {isa = PBXFileReference; fileEncoding = 4; lastKnownFileType = sourcecode.c.objc; path = LeftBoard.m; sourceTree = "<group>"; };
		8A1D59591A14F24F00AE66C9 /* Login.storyboard */ = {isa = PBXFileReference; fileEncoding = 4; lastKnownFileType = file.storyboard; path = Login.storyboard; sourceTree = "<group>"; };
		8A1D595A1A14F24F00AE66C9 /* Main.storyboard */ = {isa = PBXFileReference; fileEncoding = 4; lastKnownFileType = file.storyboard; path = Main.storyboard; sourceTree = "<group>"; };
		8A1D595B1A14F24F00AE66C9 /* StoryBoardLoader.h */ = {isa = PBXFileReference; fileEncoding = 4; lastKnownFileType = sourcecode.c.h; path = StoryBoardLoader.h; sourceTree = "<group>"; };
		8A1D595F1A14F2D300AE66C9 /* IconCollectionCell.h */ = {isa = PBXFileReference; fileEncoding = 4; lastKnownFileType = sourcecode.c.h; path = IconCollectionCell.h; sourceTree = "<group>"; };
		8A1D59601A14F2D300AE66C9 /* IconCollectionCell.m */ = {isa = PBXFileReference; fileEncoding = 4; lastKnownFileType = sourcecode.c.objc; path = IconCollectionCell.m; sourceTree = "<group>"; };
		8A206D4B1A16E5FC001A8CB5 /* RoomButton.h */ = {isa = PBXFileReference; fileEncoding = 4; lastKnownFileType = sourcecode.c.h; path = RoomButton.h; sourceTree = "<group>"; };
		8A206D4C1A16E5FC001A8CB5 /* RoomButton.m */ = {isa = PBXFileReference; fileEncoding = 4; lastKnownFileType = sourcecode.c.objc; path = RoomButton.m; sourceTree = "<group>"; };
		8A26D5E61A1E2E560013C9C0 /* SenceCell.h */ = {isa = PBXFileReference; fileEncoding = 4; lastKnownFileType = sourcecode.c.h; path = SenceCell.h; sourceTree = "<group>"; };
		8A26D5E71A1E2E560013C9C0 /* SenceCell.m */ = {isa = PBXFileReference; fileEncoding = 4; lastKnownFileType = sourcecode.c.objc; path = SenceCell.m; sourceTree = "<group>"; };
		8A2C30FF1A047A970017287B /* QLinkHD.app */ = {isa = PBXFileReference; explicitFileType = wrapper.application; includeInIndex = 0; path = QLinkHD.app; sourceTree = BUILT_PRODUCTS_DIR; };
		8A2C31021A047A970017287B /* Foundation.framework */ = {isa = PBXFileReference; lastKnownFileType = wrapper.framework; name = Foundation.framework; path = System/Library/Frameworks/Foundation.framework; sourceTree = SDKROOT; };
		8A2C31041A047A970017287B /* CoreGraphics.framework */ = {isa = PBXFileReference; lastKnownFileType = wrapper.framework; name = CoreGraphics.framework; path = System/Library/Frameworks/CoreGraphics.framework; sourceTree = SDKROOT; };
		8A2C31061A047A970017287B /* UIKit.framework */ = {isa = PBXFileReference; lastKnownFileType = wrapper.framework; name = UIKit.framework; path = System/Library/Frameworks/UIKit.framework; sourceTree = SDKROOT; };
		8A2C310A1A047A970017287B /* QLinkHD-Info.plist */ = {isa = PBXFileReference; lastKnownFileType = text.plist.xml; path = "QLinkHD-Info.plist"; sourceTree = "<group>"; };
		8A2C310C1A047A970017287B /* en */ = {isa = PBXFileReference; lastKnownFileType = text.plist.strings; name = en; path = en.lproj/InfoPlist.strings; sourceTree = "<group>"; };
		8A2C310E1A047A970017287B /* main.m */ = {isa = PBXFileReference; lastKnownFileType = sourcecode.c.objc; path = main.m; sourceTree = "<group>"; };
		8A2C31101A047A970017287B /* QLinkHD-Prefix.pch */ = {isa = PBXFileReference; lastKnownFileType = sourcecode.c.h; path = "QLinkHD-Prefix.pch"; sourceTree = "<group>"; };
		8A2C31111A047A970017287B /* AppDelegate.h */ = {isa = PBXFileReference; lastKnownFileType = sourcecode.c.h; path = AppDelegate.h; sourceTree = "<group>"; };
		8A2C31121A047A970017287B /* AppDelegate.m */ = {isa = PBXFileReference; lastKnownFileType = sourcecode.c.objc; path = AppDelegate.m; sourceTree = "<group>"; };
		8A2C31141A047A970017287B /* Images.xcassets */ = {isa = PBXFileReference; lastKnownFileType = folder.assetcatalog; path = Images.xcassets; sourceTree = "<group>"; };
		8A2C311A1A047A970017287B /* QLinkHDTests.xctest */ = {isa = PBXFileReference; explicitFileType = wrapper.cfbundle; includeInIndex = 0; path = QLinkHDTests.xctest; sourceTree = BUILT_PRODUCTS_DIR; };
		8A2C311B1A047A970017287B /* XCTest.framework */ = {isa = PBXFileReference; lastKnownFileType = wrapper.framework; name = XCTest.framework; path = Library/Frameworks/XCTest.framework; sourceTree = DEVELOPER_DIR; };
		8A2C31231A047A970017287B /* QLinkHDTests-Info.plist */ = {isa = PBXFileReference; lastKnownFileType = text.plist.xml; path = "QLinkHDTests-Info.plist"; sourceTree = "<group>"; };
		8A2C31251A047A970017287B /* en */ = {isa = PBXFileReference; lastKnownFileType = text.plist.strings; name = en; path = en.lproj/InfoPlist.strings; sourceTree = "<group>"; };
		8A2C31271A047A970017287B /* QLinkHDTests.m */ = {isa = PBXFileReference; lastKnownFileType = sourcecode.c.objc; path = QLinkHDTests.m; sourceTree = "<group>"; };
		8A2C31361A0486F00017287B /* LoginViewController.h */ = {isa = PBXFileReference; fileEncoding = 4; lastKnownFileType = sourcecode.c.h; path = LoginViewController.h; sourceTree = "<group>"; };
		8A2C31371A0486F00017287B /* LoginViewController.m */ = {isa = PBXFileReference; fileEncoding = 4; lastKnownFileType = sourcecode.c.objc; path = LoginViewController.m; sourceTree = "<group>"; };
		8A3B54891A2B1FED00840614 /* RemoteViewController.h */ = {isa = PBXFileReference; fileEncoding = 4; lastKnownFileType = sourcecode.c.h; path = RemoteViewController.h; sourceTree = "<group>"; };
		8A3B548A1A2B1FED00840614 /* RemoteViewController.m */ = {isa = PBXFileReference; fileEncoding = 4; lastKnownFileType = sourcecode.c.objc; path = RemoteViewController.m; sourceTree = "<group>"; };
		8A49A0511A24CC7800697596 /* SenceConfigViewController.h */ = {isa = PBXFileReference; fileEncoding = 4; lastKnownFileType = sourcecode.c.h; path = SenceConfigViewController.h; sourceTree = "<group>"; };
		8A49A0521A24CC7800697596 /* SenceConfigViewController.m */ = {isa = PBXFileReference; fileEncoding = 4; lastKnownFileType = sourcecode.c.objc; path = SenceConfigViewController.m; sourceTree = "<group>"; };
		8A49A0541A24CF3200697596 /* BsTcView.h */ = {isa = PBXFileReference; fileEncoding = 4; lastKnownFileType = sourcecode.c.h; path = BsTcView.h; sourceTree = "<group>"; };
		8A49A0551A24CF3200697596 /* BsTcView.m */ = {isa = PBXFileReference; fileEncoding = 4; lastKnownFileType = sourcecode.c.objc; path = BsTcView.m; sourceTree = "<group>"; };
		8A49A0561A24CF3200697596 /* BsTcView.xib */ = {isa = PBXFileReference; fileEncoding = 4; lastKnownFileType = file.xib; path = BsTcView.xib; sourceTree = "<group>"; };
		8A49A0571A24CF3200697596 /* DtView.h */ = {isa = PBXFileReference; fileEncoding = 4; lastKnownFileType = sourcecode.c.h; path = DtView.h; sourceTree = "<group>"; };
		8A49A0581A24CF3200697596 /* DtView.m */ = {isa = PBXFileReference; fileEncoding = 4; lastKnownFileType = sourcecode.c.objc; path = DtView.m; sourceTree = "<group>"; };
		8A49A0591A24CF3200697596 /* DtView.xib */ = {isa = PBXFileReference; fileEncoding = 4; lastKnownFileType = file.xib; path = DtView.xib; sourceTree = "<group>"; };
		8A49A05A1A24CF3200697596 /* HsView.h */ = {isa = PBXFileReference; fileEncoding = 4; lastKnownFileType = sourcecode.c.h; path = HsView.h; sourceTree = "<group>"; };
		8A49A05B1A24CF3200697596 /* HsView.m */ = {isa = PBXFileReference; fileEncoding = 4; lastKnownFileType = sourcecode.c.objc; path = HsView.m; sourceTree = "<group>"; };
		8A49A05C1A24CF3200697596 /* HsView.xib */ = {isa = PBXFileReference; fileEncoding = 4; lastKnownFileType = file.xib; path = HsView.xib; sourceTree = "<group>"; };
		8A49A05F1A24CF3200697596 /* LightBbView.h */ = {isa = PBXFileReference; fileEncoding = 4; lastKnownFileType = sourcecode.c.h; path = LightBbView.h; sourceTree = "<group>"; };
		8A49A0601A24CF3200697596 /* LightBbView.m */ = {isa = PBXFileReference; fileEncoding = 4; lastKnownFileType = sourcecode.c.objc; path = LightBbView.m; sourceTree = "<group>"; };
		8A49A0611A24CF3200697596 /* LightBbView.xib */ = {isa = PBXFileReference; fileEncoding = 4; lastKnownFileType = file.xib; path = LightBbView.xib; sourceTree = "<group>"; };
		8A49A0621A24CF3200697596 /* LightBcView.h */ = {isa = PBXFileReference; fileEncoding = 4; lastKnownFileType = sourcecode.c.h; path = LightBcView.h; sourceTree = "<group>"; };
		8A49A0631A24CF3200697596 /* LightBcView.m */ = {isa = PBXFileReference; fileEncoding = 4; lastKnownFileType = sourcecode.c.objc; path = LightBcView.m; sourceTree = "<group>"; };
		8A49A0641A24CF3200697596 /* LightBcView.xib */ = {isa = PBXFileReference; fileEncoding = 4; lastKnownFileType = file.xib; path = LightBcView.xib; sourceTree = "<group>"; };
		8A49A0651A24CF3200697596 /* LightBriView.h */ = {isa = PBXFileReference; fileEncoding = 4; lastKnownFileType = sourcecode.c.h; path = LightBriView.h; sourceTree = "<group>"; };
		8A49A0661A24CF3200697596 /* LightBriView.m */ = {isa = PBXFileReference; fileEncoding = 4; lastKnownFileType = sourcecode.c.objc; path = LightBriView.m; sourceTree = "<group>"; };
		8A49A0671A24CF3200697596 /* LightBriView.xib */ = {isa = PBXFileReference; fileEncoding = 4; lastKnownFileType = file.xib; path = LightBriView.xib; sourceTree = "<group>"; };
		8A49A0681A24CF3200697596 /* McView.h */ = {isa = PBXFileReference; fileEncoding = 4; lastKnownFileType = sourcecode.c.h; path = McView.h; sourceTree = "<group>"; };
		8A49A0691A24CF3200697596 /* McView.m */ = {isa = PBXFileReference; fileEncoding = 4; lastKnownFileType = sourcecode.c.objc; path = McView.m; sourceTree = "<group>"; };
		8A49A06A1A24CF3200697596 /* McView.xib */ = {isa = PBXFileReference; fileEncoding = 4; lastKnownFileType = file.xib; path = McView.xib; sourceTree = "<group>"; };
		8A49A06B1A24CF3200697596 /* NmView.h */ = {isa = PBXFileReference; fileEncoding = 4; lastKnownFileType = sourcecode.c.h; path = NmView.h; sourceTree = "<group>"; };
		8A49A06C1A24CF3200697596 /* NmView.m */ = {isa = PBXFileReference; fileEncoding = 4; lastKnownFileType = sourcecode.c.objc; path = NmView.m; sourceTree = "<group>"; };
		8A49A06D1A24CF3200697596 /* NmView.xib */ = {isa = PBXFileReference; fileEncoding = 4; lastKnownFileType = file.xib; path = NmView.xib; sourceTree = "<group>"; };
		8A49A06E1A24CF3200697596 /* OtView.h */ = {isa = PBXFileReference; fileEncoding = 4; lastKnownFileType = sourcecode.c.h; path = OtView.h; sourceTree = "<group>"; };
		8A49A06F1A24CF3200697596 /* OtView.m */ = {isa = PBXFileReference; fileEncoding = 4; lastKnownFileType = sourcecode.c.objc; path = OtView.m; sourceTree = "<group>"; };
		8A49A0701A24CF3200697596 /* OtView.xib */ = {isa = PBXFileReference; fileEncoding = 4; lastKnownFileType = file.xib; path = OtView.xib; sourceTree = "<group>"; };
		8A49A0711A24CF3200697596 /* PlView.h */ = {isa = PBXFileReference; fileEncoding = 4; lastKnownFileType = sourcecode.c.h; path = PlView.h; sourceTree = "<group>"; };
		8A49A0721A24CF3200697596 /* PlView.m */ = {isa = PBXFileReference; fileEncoding = 4; lastKnownFileType = sourcecode.c.objc; path = PlView.m; sourceTree = "<group>"; };
		8A49A0731A24CF3200697596 /* PlView.xib */ = {isa = PBXFileReference; fileEncoding = 4; lastKnownFileType = file.xib; path = PlView.xib; sourceTree = "<group>"; };
		8A49A0741A24CF3200697596 /* SdView.h */ = {isa = PBXFileReference; fileEncoding = 4; lastKnownFileType = sourcecode.c.h; path = SdView.h; sourceTree = "<group>"; };
		8A49A0751A24CF3200697596 /* SdView.m */ = {isa = PBXFileReference; fileEncoding = 4; lastKnownFileType = sourcecode.c.objc; path = SdView.m; sourceTree = "<group>"; };
		8A49A0761A24CF3200697596 /* SdView.xib */ = {isa = PBXFileReference; fileEncoding = 4; lastKnownFileType = file.xib; path = SdView.xib; sourceTree = "<group>"; };
		8A49A0771A24CF3200697596 /* StudyTimerView.h */ = {isa = PBXFileReference; fileEncoding = 4; lastKnownFileType = sourcecode.c.h; path = StudyTimerView.h; sourceTree = "<group>"; };
		8A49A0781A24CF3200697596 /* StudyTimerView.m */ = {isa = PBXFileReference; fileEncoding = 4; lastKnownFileType = sourcecode.c.objc; path = StudyTimerView.m; sourceTree = "<group>"; };
		8A49A0791A24CF3200697596 /* StudyTimerView.xib */ = {isa = PBXFileReference; fileEncoding = 4; lastKnownFileType = file.xib; path = StudyTimerView.xib; sourceTree = "<group>"; };
		8A49A07A1A24CF3200697596 /* SwView.h */ = {isa = PBXFileReference; fileEncoding = 4; lastKnownFileType = sourcecode.c.h; path = SwView.h; sourceTree = "<group>"; };
		8A49A07B1A24CF3200697596 /* SwView.m */ = {isa = PBXFileReference; fileEncoding = 4; lastKnownFileType = sourcecode.c.objc; path = SwView.m; sourceTree = "<group>"; };
		8A49A07C1A24CF3200697596 /* SwView.xib */ = {isa = PBXFileReference; fileEncoding = 4; lastKnownFileType = file.xib; path = SwView.xib; sourceTree = "<group>"; };
		8A49A07D1A24CF3200697596 /* SwView1.h */ = {isa = PBXFileReference; fileEncoding = 4; lastKnownFileType = sourcecode.c.h; path = SwView1.h; sourceTree = "<group>"; };
		8A49A07E1A24CF3200697596 /* SwView1.m */ = {isa = PBXFileReference; fileEncoding = 4; lastKnownFileType = sourcecode.c.objc; path = SwView1.m; sourceTree = "<group>"; };
		8A49A07F1A24CF3200697596 /* SwView1.xib */ = {isa = PBXFileReference; fileEncoding = 4; lastKnownFileType = file.xib; path = SwView1.xib; sourceTree = "<group>"; };
		8A49A0801A24CF3200697596 /* TrView.h */ = {isa = PBXFileReference; fileEncoding = 4; lastKnownFileType = sourcecode.c.h; path = TrView.h; sourceTree = "<group>"; };
		8A49A0811A24CF3200697596 /* TrView.m */ = {isa = PBXFileReference; fileEncoding = 4; lastKnownFileType = sourcecode.c.objc; path = TrView.m; sourceTree = "<group>"; };
		8A49A0821A24CF3200697596 /* TrView.xib */ = {isa = PBXFileReference; fileEncoding = 4; lastKnownFileType = file.xib; path = TrView.xib; sourceTree = "<group>"; };
		8A49A0A21A24D33C00697596 /* MySlider.h */ = {isa = PBXFileReference; fileEncoding = 4; lastKnownFileType = sourcecode.c.h; path = MySlider.h; sourceTree = "<group>"; };
		8A49A0A31A24D33C00697596 /* MySlider.m */ = {isa = PBXFileReference; fileEncoding = 4; lastKnownFileType = sourcecode.c.objc; path = MySlider.m; sourceTree = "<group>"; };
		8A49A0A51A24D85300697596 /* OrderButton.h */ = {isa = PBXFileReference; fileEncoding = 4; lastKnownFileType = sourcecode.c.h; path = OrderButton.h; sourceTree = "<group>"; };
		8A49A0A61A24D85300697596 /* OrderButton.m */ = {isa = PBXFileReference; fileEncoding = 4; lastKnownFileType = sourcecode.c.objc; path = OrderButton.m; sourceTree = "<group>"; };
		8A50E7981A0A6B3400E2AE99 /* BottomBoard.h */ = {isa = PBXFileReference; fileEncoding = 4; lastKnownFileType = sourcecode.c.h; path = BottomBoard.h; sourceTree = "<group>"; };
		8A50E7991A0A6B3400E2AE99 /* BottomBoard.m */ = {isa = PBXFileReference; fileEncoding = 4; lastKnownFileType = sourcecode.c.objc; path = BottomBoard.m; sourceTree = "<group>"; };
		8A50E79B1A0A6B6700E2AE99 /* BottomView.h */ = {isa = PBXFileReference; fileEncoding = 4; lastKnownFileType = sourcecode.c.h; path = BottomView.h; sourceTree = "<group>"; };
		8A50E79C1A0A6B6700E2AE99 /* BottomView.m */ = {isa = PBXFileReference; fileEncoding = 4; lastKnownFileType = sourcecode.c.objc; path = BottomView.m; sourceTree = "<group>"; };
		8A50E7A41A0A731600E2AE99 /* UIView+xib.h */ = {isa = PBXFileReference; fileEncoding = 4; lastKnownFileType = sourcecode.c.h; path = "UIView+xib.h"; sourceTree = "<group>"; };
		8A50E7A51A0A731600E2AE99 /* UIView+xib.m */ = {isa = PBXFileReference; fileEncoding = 4; lastKnownFileType = sourcecode.c.objc; path = "UIView+xib.m"; sourceTree = "<group>"; };
		8A50E7A91A0A792000E2AE99 /* BottomView.xib */ = {isa = PBXFileReference; fileEncoding = 4; lastKnownFileType = file.xib; path = BottomView.xib; sourceTree = "<group>"; };
		8A706BC71A1112060000C3FF /* LeftView.h */ = {isa = PBXFileReference; fileEncoding = 4; lastKnownFileType = sourcecode.c.h; path = LeftView.h; sourceTree = "<group>"; };
		8A706BC81A1112060000C3FF /* LeftView.m */ = {isa = PBXFileReference; fileEncoding = 4; lastKnownFileType = sourcecode.c.objc; path = LeftView.m; sourceTree = "<group>"; };
		8A706BCA1A1112150000C3FF /* LeftView.xib */ = {isa = PBXFileReference; fileEncoding = 4; lastKnownFileType = file.xib; path = LeftView.xib; sourceTree = "<group>"; };
		8A908ED31A0E2DAE00AF9FB9 /* UIButton+image.h */ = {isa = PBXFileReference; fileEncoding = 4; lastKnownFileType = sourcecode.c.h; path = "UIButton+image.h"; sourceTree = "<group>"; };
		8A908ED41A0E2DAE00AF9FB9 /* UIButton+image.m */ = {isa = PBXFileReference; fileEncoding = 4; lastKnownFileType = sourcecode.c.objc; path = "UIButton+image.m"; sourceTree = "<group>"; };
		8A9B3CC71A1A347400FABB46 /* RenameView.h */ = {isa = PBXFileReference; fileEncoding = 4; lastKnownFileType = sourcecode.c.h; path = RenameView.h; sourceTree = "<group>"; };
		8A9B3CC81A1A347400FABB46 /* RenameView.m */ = {isa = PBXFileReference; fileEncoding = 4; lastKnownFileType = sourcecode.c.objc; path = RenameView.m; sourceTree = "<group>"; };
		8A9B3CC91A1A347400FABB46 /* RenameView.xib */ = {isa = PBXFileReference; fileEncoding = 4; lastKnownFileType = file.xib; path = RenameView.xib; sourceTree = "<group>"; };
		8A9B42A81A051772005CCC9C /* SetupIpViewController.h */ = {isa = PBXFileReference; fileEncoding = 4; lastKnownFileType = sourcecode.c.h; path = SetupIpViewController.h; sourceTree = "<group>"; };
		8A9B42A91A051772005CCC9C /* SetupIpViewController.m */ = {isa = PBXFileReference; fileEncoding = 4; lastKnownFileType = sourcecode.c.objc; path = SetupIpViewController.m; sourceTree = "<group>"; };
		8A9B42B81A051C3A005CCC9C /* MainViewController.h */ = {isa = PBXFileReference; fileEncoding = 4; lastKnownFileType = sourcecode.c.h; path = MainViewController.h; sourceTree = "<group>"; };
		8A9B42B91A051C3A005CCC9C /* MainViewController.m */ = {isa = PBXFileReference; fileEncoding = 4; lastKnownFileType = sourcecode.c.objc; path = MainViewController.m; sourceTree = "<group>"; };
		8A9B42C01A05236D005CCC9C /* DataUtil.h */ = {isa = PBXFileReference; fileEncoding = 4; lastKnownFileType = sourcecode.c.h; path = DataUtil.h; sourceTree = "<group>"; };
		8A9B42C11A05236D005CCC9C /* DataUtil.m */ = {isa = PBXFileReference; fileEncoding = 4; lastKnownFileType = sourcecode.c.objc; path = DataUtil.m; sourceTree = "<group>"; };
		8A9B42C21A05236D005CCC9C /* Model.h */ = {isa = PBXFileReference; fileEncoding = 4; lastKnownFileType = sourcecode.c.h; path = Model.h; sourceTree = "<group>"; };
		8A9B42C31A05236D005CCC9C /* Model.m */ = {isa = PBXFileReference; fileEncoding = 4; lastKnownFileType = sourcecode.c.objc; path = Model.m; sourceTree = "<group>"; };
		8A9B42C41A05236D005CCC9C /* NetworkUtil.h */ = {isa = PBXFileReference; fileEncoding = 4; lastKnownFileType = sourcecode.c.h; path = NetworkUtil.h; sourceTree = "<group>"; };
		8A9B42C51A05236D005CCC9C /* NetworkUtil.m */ = {isa = PBXFileReference; fileEncoding = 4; lastKnownFileType = sourcecode.c.objc; path = NetworkUtil.m; sourceTree = "<group>"; };
		8A9B42C61A05236D005CCC9C /* NSData+NSDataBytesToHex.h */ = {isa = PBXFileReference; fileEncoding = 4; lastKnownFileType = sourcecode.c.h; path = "NSData+NSDataBytesToHex.h"; sourceTree = "<group>"; };
		8A9B42C71A05236D005CCC9C /* NSData+NSDataBytesToHex.m */ = {isa = PBXFileReference; fileEncoding = 4; lastKnownFileType = sourcecode.c.objc; path = "NSData+NSDataBytesToHex.m"; sourceTree = "<group>"; };
		8A9B42C81A05236D005CCC9C /* NSString+NSStringHexToBytes.h */ = {isa = PBXFileReference; fileEncoding = 4; lastKnownFileType = sourcecode.c.h; path = "NSString+NSStringHexToBytes.h"; sourceTree = "<group>"; };
		8A9B42C91A05236D005CCC9C /* NSString+NSStringHexToBytes.m */ = {isa = PBXFileReference; fileEncoding = 4; lastKnownFileType = sourcecode.c.objc; path = "NSString+NSStringHexToBytes.m"; sourceTree = "<group>"; };
		8A9B42CA1A05236D005CCC9C /* QLink.sqlite */ = {isa = PBXFileReference; lastKnownFileType = file; path = QLink.sqlite; sourceTree = "<group>"; };
		8A9B42CB1A05236D005CCC9C /* SQLiteUtil.h */ = {isa = PBXFileReference; fileEncoding = 4; lastKnownFileType = sourcecode.c.h; path = SQLiteUtil.h; sourceTree = "<group>"; };
		8A9B42CC1A05236D005CCC9C /* SQLiteUtil.m */ = {isa = PBXFileReference; fileEncoding = 4; lastKnownFileType = sourcecode.c.objc; path = SQLiteUtil.m; sourceTree = "<group>"; };
		8A9ED4E31A1B8C17009136C6 /* DeviceConfigViewController.h */ = {isa = PBXFileReference; fileEncoding = 4; lastKnownFileType = sourcecode.c.h; path = DeviceConfigViewController.h; sourceTree = "<group>"; };
		8A9ED4E41A1B8C17009136C6 /* DeviceConfigViewController.m */ = {isa = PBXFileReference; fileEncoding = 4; lastKnownFileType = sourcecode.c.objc; path = DeviceConfigViewController.m; sourceTree = "<group>"; };
		8A9ED4E61A1B9764009136C6 /* BaseViewController.h */ = {isa = PBXFileReference; fileEncoding = 4; lastKnownFileType = sourcecode.c.h; path = BaseViewController.h; sourceTree = "<group>"; };
		8A9ED4E71A1B9764009136C6 /* BaseViewController.m */ = {isa = PBXFileReference; fileEncoding = 4; lastKnownFileType = sourcecode.c.objc; path = BaseViewController.m; sourceTree = "<group>"; };
		8A9ED4EC1A1B985C009136C6 /* ActionNullClass.h */ = {isa = PBXFileReference; fileEncoding = 4; lastKnownFileType = sourcecode.c.h; path = ActionNullClass.h; sourceTree = "<group>"; };
		8A9ED4ED1A1B985C009136C6 /* ActionNullClass.m */ = {isa = PBXFileReference; fileEncoding = 4; lastKnownFileType = sourcecode.c.objc; path = ActionNullClass.m; sourceTree = "<group>"; };
		8AA18B971A1CE46C000C7D09 /* SenceCell.xib */ = {isa = PBXFileReference; fileEncoding = 4; lastKnownFileType = file.xib; path = SenceCell.xib; sourceTree = "<group>"; };
		8AA7FCAB1A18DA350017C703 /* IconViewController.h */ = {isa = PBXFileReference; fileEncoding = 4; lastKnownFileType = sourcecode.c.h; path = IconViewController.h; sourceTree = "<group>"; };
		8AA7FCAC1A18DA350017C703 /* IconViewController.m */ = {isa = PBXFileReference; fileEncoding = 4; lastKnownFileType = sourcecode.c.objc; path = IconViewController.m; sourceTree = "<group>"; };
		8AA7FCB01A18DB150017C703 /* Icon.storyboard */ = {isa = PBXFileReference; fileEncoding = 4; lastKnownFileType = file.storyboard; path = Icon.storyboard; sourceTree = "<group>"; };
		8AA7FCB31A18E4B10017C703 /* BottomRightView.h */ = {isa = PBXFileReference; fileEncoding = 4; lastKnownFileType = sourcecode.c.h; path = BottomRightView.h; sourceTree = "<group>"; };
		8AA7FCB41A18E4B10017C703 /* BottomRightView.m */ = {isa = PBXFileReference; fileEncoding = 4; lastKnownFileType = sourcecode.c.objc; path = BottomRightView.m; sourceTree = "<group>"; };
		8AA7FCB61A18E4C90017C703 /* BottomRightView.xib */ = {isa = PBXFileReference; fileEncoding = 4; lastKnownFileType = file.xib; path = BottomRightView.xib; sourceTree = "<group>"; };
		8AAB934A1A04E05400B803FC /* AFHTTPRequestOperation.h */ = {isa = PBXFileReference; fileEncoding = 4; lastKnownFileType = sourcecode.c.h; path = AFHTTPRequestOperation.h; sourceTree = "<group>"; };
		8AAB934B1A04E05400B803FC /* AFHTTPRequestOperation.m */ = {isa = PBXFileReference; fileEncoding = 4; lastKnownFileType = sourcecode.c.objc; path = AFHTTPRequestOperation.m; sourceTree = "<group>"; };
		8AAB934C1A04E05400B803FC /* AFHTTPRequestOperationManager.h */ = {isa = PBXFileReference; fileEncoding = 4; lastKnownFileType = sourcecode.c.h; path = AFHTTPRequestOperationManager.h; sourceTree = "<group>"; };
		8AAB934D1A04E05400B803FC /* AFHTTPRequestOperationManager.m */ = {isa = PBXFileReference; fileEncoding = 4; lastKnownFileType = sourcecode.c.objc; path = AFHTTPRequestOperationManager.m; sourceTree = "<group>"; };
		8AAB934E1A04E05400B803FC /* AFHTTPSessionManager.h */ = {isa = PBXFileReference; fileEncoding = 4; lastKnownFileType = sourcecode.c.h; path = AFHTTPSessionManager.h; sourceTree = "<group>"; };
		8AAB934F1A04E05400B803FC /* AFHTTPSessionManager.m */ = {isa = PBXFileReference; fileEncoding = 4; lastKnownFileType = sourcecode.c.objc; path = AFHTTPSessionManager.m; sourceTree = "<group>"; };
		8AAB93501A04E05400B803FC /* AFNetworking.h */ = {isa = PBXFileReference; fileEncoding = 4; lastKnownFileType = sourcecode.c.h; path = AFNetworking.h; sourceTree = "<group>"; };
		8AAB93511A04E05400B803FC /* AFNetworkReachabilityManager.h */ = {isa = PBXFileReference; fileEncoding = 4; lastKnownFileType = sourcecode.c.h; path = AFNetworkReachabilityManager.h; sourceTree = "<group>"; };
		8AAB93521A04E05400B803FC /* AFNetworkReachabilityManager.m */ = {isa = PBXFileReference; fileEncoding = 4; lastKnownFileType = sourcecode.c.objc; path = AFNetworkReachabilityManager.m; sourceTree = "<group>"; };
		8AAB93531A04E05400B803FC /* AFSecurityPolicy.h */ = {isa = PBXFileReference; fileEncoding = 4; lastKnownFileType = sourcecode.c.h; path = AFSecurityPolicy.h; sourceTree = "<group>"; };
		8AAB93541A04E05400B803FC /* AFSecurityPolicy.m */ = {isa = PBXFileReference; fileEncoding = 4; lastKnownFileType = sourcecode.c.objc; path = AFSecurityPolicy.m; sourceTree = "<group>"; };
		8AAB93551A04E05400B803FC /* AFURLConnectionOperation.h */ = {isa = PBXFileReference; fileEncoding = 4; lastKnownFileType = sourcecode.c.h; path = AFURLConnectionOperation.h; sourceTree = "<group>"; };
		8AAB93561A04E05400B803FC /* AFURLConnectionOperation.m */ = {isa = PBXFileReference; fileEncoding = 4; lastKnownFileType = sourcecode.c.objc; path = AFURLConnectionOperation.m; sourceTree = "<group>"; };
		8AAB93571A04E05400B803FC /* AFURLRequestSerialization.h */ = {isa = PBXFileReference; fileEncoding = 4; lastKnownFileType = sourcecode.c.h; path = AFURLRequestSerialization.h; sourceTree = "<group>"; };
		8AAB93581A04E05400B803FC /* AFURLRequestSerialization.m */ = {isa = PBXFileReference; fileEncoding = 4; lastKnownFileType = sourcecode.c.objc; path = AFURLRequestSerialization.m; sourceTree = "<group>"; };
		8AAB93591A04E05400B803FC /* AFURLResponseSerialization.h */ = {isa = PBXFileReference; fileEncoding = 4; lastKnownFileType = sourcecode.c.h; path = AFURLResponseSerialization.h; sourceTree = "<group>"; };
		8AAB935A1A04E05400B803FC /* AFURLResponseSerialization.m */ = {isa = PBXFileReference; fileEncoding = 4; lastKnownFileType = sourcecode.c.objc; path = AFURLResponseSerialization.m; sourceTree = "<group>"; };
		8AAB935B1A04E05400B803FC /* AFURLSessionManager.h */ = {isa = PBXFileReference; fileEncoding = 4; lastKnownFileType = sourcecode.c.h; path = AFURLSessionManager.h; sourceTree = "<group>"; };
		8AAB935C1A04E05400B803FC /* AFURLSessionManager.m */ = {isa = PBXFileReference; fileEncoding = 4; lastKnownFileType = sourcecode.c.objc; path = AFURLSessionManager.m; sourceTree = "<group>"; };
		8AAB935E1A04E05400B803FC /* FMDatabase.h */ = {isa = PBXFileReference; fileEncoding = 4; lastKnownFileType = sourcecode.c.h; path = FMDatabase.h; sourceTree = "<group>"; };
		8AAB935F1A04E05400B803FC /* FMDatabase.m */ = {isa = PBXFileReference; fileEncoding = 4; lastKnownFileType = sourcecode.c.objc; path = FMDatabase.m; sourceTree = "<group>"; };
		8AAB93601A04E05400B803FC /* FMDatabaseAdditions.h */ = {isa = PBXFileReference; fileEncoding = 4; lastKnownFileType = sourcecode.c.h; path = FMDatabaseAdditions.h; sourceTree = "<group>"; };
		8AAB93611A04E05400B803FC /* FMDatabaseAdditions.m */ = {isa = PBXFileReference; fileEncoding = 4; lastKnownFileType = sourcecode.c.objc; path = FMDatabaseAdditions.m; sourceTree = "<group>"; };
		8AAB93621A04E05400B803FC /* FMDatabasePool.h */ = {isa = PBXFileReference; fileEncoding = 4; lastKnownFileType = sourcecode.c.h; path = FMDatabasePool.h; sourceTree = "<group>"; };
		8AAB93631A04E05400B803FC /* FMDatabasePool.m */ = {isa = PBXFileReference; fileEncoding = 4; lastKnownFileType = sourcecode.c.objc; path = FMDatabasePool.m; sourceTree = "<group>"; };
		8AAB93641A04E05400B803FC /* FMDatabaseQueue.h */ = {isa = PBXFileReference; fileEncoding = 4; lastKnownFileType = sourcecode.c.h; path = FMDatabaseQueue.h; sourceTree = "<group>"; };
		8AAB93651A04E05400B803FC /* FMDatabaseQueue.m */ = {isa = PBXFileReference; fileEncoding = 4; lastKnownFileType = sourcecode.c.objc; path = FMDatabaseQueue.m; sourceTree = "<group>"; };
		8AAB93661A04E05400B803FC /* FMDB.h */ = {isa = PBXFileReference; fileEncoding = 4; lastKnownFileType = sourcecode.c.h; path = FMDB.h; sourceTree = "<group>"; };
		8AAB93671A04E05400B803FC /* FMResultSet.h */ = {isa = PBXFileReference; fileEncoding = 4; lastKnownFileType = sourcecode.c.h; path = FMResultSet.h; sourceTree = "<group>"; };
		8AAB93681A04E05400B803FC /* FMResultSet.m */ = {isa = PBXFileReference; fileEncoding = 4; lastKnownFileType = sourcecode.c.objc; path = FMResultSet.m; sourceTree = "<group>"; };
		8AAB936A1A04E05400B803FC /* SimplePing.h */ = {isa = PBXFileReference; fileEncoding = 4; lastKnownFileType = sourcecode.c.h; path = SimplePing.h; sourceTree = "<group>"; };
		8AAB936B1A04E05400B803FC /* SimplePing.m */ = {isa = PBXFileReference; fileEncoding = 4; lastKnownFileType = sourcecode.c.objc; path = SimplePing.m; sourceTree = "<group>"; };
		8AAB936C1A04E05400B803FC /* SimplePingHelper.h */ = {isa = PBXFileReference; fileEncoding = 4; lastKnownFileType = sourcecode.c.h; path = SimplePingHelper.h; sourceTree = "<group>"; };
		8AAB936D1A04E05400B803FC /* SimplePingHelper.m */ = {isa = PBXFileReference; fileEncoding = 4; lastKnownFileType = sourcecode.c.objc; path = SimplePingHelper.m; sourceTree = "<group>"; };
		8AAB936F1A04E05400B803FC /* GCDAsyncSocket.h */ = {isa = PBXFileReference; fileEncoding = 4; lastKnownFileType = sourcecode.c.h; path = GCDAsyncSocket.h; sourceTree = "<group>"; };
		8AAB93701A04E05400B803FC /* GCDAsyncSocket.m */ = {isa = PBXFileReference; fileEncoding = 4; lastKnownFileType = sourcecode.c.objc; path = GCDAsyncSocket.m; sourceTree = "<group>"; };
		8AAB93711A04E05400B803FC /* GCDAsyncUdpSocket.h */ = {isa = PBXFileReference; fileEncoding = 4; lastKnownFileType = sourcecode.c.h; path = GCDAsyncUdpSocket.h; sourceTree = "<group>"; };
		8AAB93721A04E05400B803FC /* GCDAsyncUdpSocket.m */ = {isa = PBXFileReference; fileEncoding = 4; lastKnownFileType = sourcecode.c.objc; path = GCDAsyncUdpSocket.m; sourceTree = "<group>"; };
		8AAB93741A04E05400B803FC /* SVProgressHUD.bundle */ = {isa = PBXFileReference; lastKnownFileType = "wrapper.plug-in"; path = SVProgressHUD.bundle; sourceTree = "<group>"; };
		8AAB93751A04E05400B803FC /* SVProgressHUD.h */ = {isa = PBXFileReference; fileEncoding = 4; lastKnownFileType = sourcecode.c.h; path = SVProgressHUD.h; sourceTree = "<group>"; };
		8AAB93761A04E05400B803FC /* SVProgressHUD.m */ = {isa = PBXFileReference; fileEncoding = 4; lastKnownFileType = sourcecode.c.objc; path = SVProgressHUD.m; sourceTree = "<group>"; };
		8AAB93781A04E05400B803FC /* XMLDictionary.h */ = {isa = PBXFileReference; fileEncoding = 4; lastKnownFileType = sourcecode.c.h; path = XMLDictionary.h; sourceTree = "<group>"; };
		8AAB93791A04E05400B803FC /* XMLDictionary.m */ = {isa = PBXFileReference; fileEncoding = 4; lastKnownFileType = sourcecode.c.objc; path = XMLDictionary.m; sourceTree = "<group>"; };
		8AAB93961A050CA500B803FC /* libz.1.1.3.dylib */ = {isa = PBXFileReference; lastKnownFileType = "compiled.mach-o.dylib"; name = libz.1.1.3.dylib; path = usr/lib/libz.1.1.3.dylib; sourceTree = SDKROOT; };
		8AAB93981A050CAC00B803FC /* Security.framework */ = {isa = PBXFileReference; lastKnownFileType = wrapper.framework; name = Security.framework; path = System/Library/Frameworks/Security.framework; sourceTree = SDKROOT; };
		8AAB939A1A050CB500B803FC /* CoreLocation.framework */ = {isa = PBXFileReference; lastKnownFileType = wrapper.framework; name = CoreLocation.framework; path = System/Library/Frameworks/CoreLocation.framework; sourceTree = SDKROOT; };
		8AAB939C1A050CBB00B803FC /* MobileCoreServices.framework */ = {isa = PBXFileReference; lastKnownFileType = wrapper.framework; name = MobileCoreServices.framework; path = System/Library/Frameworks/MobileCoreServices.framework; sourceTree = SDKROOT; };
		8AAB939E1A050CC600B803FC /* SystemConfiguration.framework */ = {isa = PBXFileReference; lastKnownFileType = wrapper.framework; name = SystemConfiguration.framework; path = System/Library/Frameworks/SystemConfiguration.framework; sourceTree = SDKROOT; };
		8AAB93A01A050CCC00B803FC /* CFNetwork.framework */ = {isa = PBXFileReference; lastKnownFileType = wrapper.framework; name = CFNetwork.framework; path = System/Library/Frameworks/CFNetwork.framework; sourceTree = SDKROOT; };
		8AAB93A21A050CD900B803FC /* libsqlite3.0.dylib */ = {isa = PBXFileReference; lastKnownFileType = "compiled.mach-o.dylib"; name = libsqlite3.0.dylib; path = usr/lib/libsqlite3.0.dylib; sourceTree = SDKROOT; };
		8AAB93A31A050CD900B803FC /* libsqlite3.dylib */ = {isa = PBXFileReference; lastKnownFileType = "compiled.mach-o.dylib"; name = libsqlite3.dylib; path = usr/lib/libsqlite3.dylib; sourceTree = SDKROOT; };
		8AB6FBE61A275F27003EA0C6 /* SenceConfig.storyboard */ = {isa = PBXFileReference; fileEncoding = 4; lastKnownFileType = file.storyboard; path = SenceConfig.storyboard; sourceTree = "<group>"; };
		8AB6FBE81A276F25003EA0C6 /* SenceConfigCell.h */ = {isa = PBXFileReference; fileEncoding = 4; lastKnownFileType = sourcecode.c.h; path = SenceConfigCell.h; sourceTree = "<group>"; };
		8AB6FBE91A276F25003EA0C6 /* SenceConfigCell.m */ = {isa = PBXFileReference; fileEncoding = 4; lastKnownFileType = sourcecode.c.objc; path = SenceConfigCell.m; sourceTree = "<group>"; };
		8AB89B621A18C59900183AE5 /* MKBlockAdditions.h */ = {isa = PBXFileReference; fileEncoding = 4; lastKnownFileType = sourcecode.c.h; path = MKBlockAdditions.h; sourceTree = "<group>"; };
		8AB89B631A18C59900183AE5 /* NSObject+MKBlockAdditions.h */ = {isa = PBXFileReference; fileEncoding = 4; lastKnownFileType = sourcecode.c.h; path = "NSObject+MKBlockAdditions.h"; sourceTree = "<group>"; };
		8AB89B641A18C59900183AE5 /* NSObject+MKBlockAdditions.m */ = {isa = PBXFileReference; fileEncoding = 4; lastKnownFileType = sourcecode.c.objc; path = "NSObject+MKBlockAdditions.m"; sourceTree = "<group>"; };
		8AB89B651A18C59900183AE5 /* UIActionSheet+MKBlockAdditions.h */ = {isa = PBXFileReference; fileEncoding = 4; lastKnownFileType = sourcecode.c.h; path = "UIActionSheet+MKBlockAdditions.h"; sourceTree = "<group>"; };
		8AB89B661A18C59900183AE5 /* UIActionSheet+MKBlockAdditions.m */ = {isa = PBXFileReference; fileEncoding = 4; lastKnownFileType = sourcecode.c.objc; path = "UIActionSheet+MKBlockAdditions.m"; sourceTree = "<group>"; };
		8AB89B671A18C59900183AE5 /* UIAlertView+MKBlockAdditions.h */ = {isa = PBXFileReference; fileEncoding = 4; lastKnownFileType = sourcecode.c.h; path = "UIAlertView+MKBlockAdditions.h"; sourceTree = "<group>"; };
		8AB89B681A18C59900183AE5 /* UIAlertView+MKBlockAdditions.m */ = {isa = PBXFileReference; fileEncoding = 4; lastKnownFileType = sourcecode.c.objc; path = "UIAlertView+MKBlockAdditions.m"; sourceTree = "<group>"; };
/* End PBXFileReference section */

/* Begin PBXFrameworksBuildPhase section */
		8A2C30FC1A047A970017287B /* Frameworks */ = {
			isa = PBXFrameworksBuildPhase;
			buildActionMask = 2147483647;
			files = (
				8A2C31051A047A970017287B /* CoreGraphics.framework in Frameworks */,
				8A2C31031A047A970017287B /* Foundation.framework in Frameworks */,
				8AAB93A41A050CD900B803FC /* libsqlite3.0.dylib in Frameworks */,
				8AAB93A51A050CD900B803FC /* libsqlite3.dylib in Frameworks */,
				8AAB93A11A050CCC00B803FC /* CFNetwork.framework in Frameworks */,
				8AAB939F1A050CC600B803FC /* SystemConfiguration.framework in Frameworks */,
				8AAB939D1A050CBB00B803FC /* MobileCoreServices.framework in Frameworks */,
				8AAB939B1A050CB500B803FC /* CoreLocation.framework in Frameworks */,
				8AAB93991A050CAC00B803FC /* Security.framework in Frameworks */,
				8AAB93971A050CA500B803FC /* libz.1.1.3.dylib in Frameworks */,
				8A2C31071A047A970017287B /* UIKit.framework in Frameworks */,
			);
			runOnlyForDeploymentPostprocessing = 0;
		};
		8A2C31171A047A970017287B /* Frameworks */ = {
			isa = PBXFrameworksBuildPhase;
			buildActionMask = 2147483647;
			files = (
				8A2C311C1A047A970017287B /* XCTest.framework in Frameworks */,
				8A2C311E1A047A970017287B /* UIKit.framework in Frameworks */,
				8A2C311D1A047A970017287B /* Foundation.framework in Frameworks */,
			);
			runOnlyForDeploymentPostprocessing = 0;
		};
/* End PBXFrameworksBuildPhase section */

/* Begin PBXGroup section */
		8A1D59581A14F24F00AE66C9 /* StoryBoards */ = {
			isa = PBXGroup;
			children = (
				8A1D595C1A14F24F00AE66C9 /* Views */,
				8A1D595B1A14F24F00AE66C9 /* StoryBoardLoader.h */,
				8A1D59591A14F24F00AE66C9 /* Login.storyboard */,
				8A1D595A1A14F24F00AE66C9 /* Main.storyboard */,
				8AA7FCB01A18DB150017C703 /* Icon.storyboard */,
				8AB6FBE61A275F27003EA0C6 /* SenceConfig.storyboard */,
			);
			name = StoryBoards;
			path = QLinkHD/StoryBoards;
			sourceTree = SOURCE_ROOT;
		};
		8A1D595C1A14F24F00AE66C9 /* Views */ = {
			isa = PBXGroup;
			children = (
				8A49A0541A24CF3200697596 /* BsTcView.h */,
				8A49A0551A24CF3200697596 /* BsTcView.m */,
				8A49A0561A24CF3200697596 /* BsTcView.xib */,
				8A49A0571A24CF3200697596 /* DtView.h */,
				8A49A0581A24CF3200697596 /* DtView.m */,
				8A49A0591A24CF3200697596 /* DtView.xib */,
				8A49A05A1A24CF3200697596 /* HsView.h */,
				8A49A05B1A24CF3200697596 /* HsView.m */,
				8A49A05C1A24CF3200697596 /* HsView.xib */,
				8A49A05F1A24CF3200697596 /* LightBbView.h */,
				8A49A0601A24CF3200697596 /* LightBbView.m */,
				8A49A0611A24CF3200697596 /* LightBbView.xib */,
				8A49A0621A24CF3200697596 /* LightBcView.h */,
				8A49A0631A24CF3200697596 /* LightBcView.m */,
				8A49A0641A24CF3200697596 /* LightBcView.xib */,
				8A49A0651A24CF3200697596 /* LightBriView.h */,
				8A49A0661A24CF3200697596 /* LightBriView.m */,
				8A49A0671A24CF3200697596 /* LightBriView.xib */,
				8A49A0681A24CF3200697596 /* McView.h */,
				8A49A0691A24CF3200697596 /* McView.m */,
				8A49A06A1A24CF3200697596 /* McView.xib */,
				8A49A06B1A24CF3200697596 /* NmView.h */,
				8A49A06C1A24CF3200697596 /* NmView.m */,
				8A49A06D1A24CF3200697596 /* NmView.xib */,
				8A49A06E1A24CF3200697596 /* OtView.h */,
				8A49A06F1A24CF3200697596 /* OtView.m */,
				8A49A0701A24CF3200697596 /* OtView.xib */,
				8A49A0711A24CF3200697596 /* PlView.h */,
				8A49A0721A24CF3200697596 /* PlView.m */,
				8A49A0731A24CF3200697596 /* PlView.xib */,
				8A49A0741A24CF3200697596 /* SdView.h */,
				8A49A0751A24CF3200697596 /* SdView.m */,
				8A49A0761A24CF3200697596 /* SdView.xib */,
				8A49A0771A24CF3200697596 /* StudyTimerView.h */,
				8A49A0781A24CF3200697596 /* StudyTimerView.m */,
				8A49A0791A24CF3200697596 /* StudyTimerView.xib */,
				8A49A07A1A24CF3200697596 /* SwView.h */,
				8A49A07B1A24CF3200697596 /* SwView.m */,
				8A49A07C1A24CF3200697596 /* SwView.xib */,
				8A49A07D1A24CF3200697596 /* SwView1.h */,
				8A49A07E1A24CF3200697596 /* SwView1.m */,
				8A49A07F1A24CF3200697596 /* SwView1.xib */,
				8A49A0801A24CF3200697596 /* TrView.h */,
				8A49A0811A24CF3200697596 /* TrView.m */,
				8A49A0821A24CF3200697596 /* TrView.xib */,
				8A9B3CC71A1A347400FABB46 /* RenameView.h */,
				8A9B3CC81A1A347400FABB46 /* RenameView.m */,
				8A9B3CC91A1A347400FABB46 /* RenameView.xib */,
				8A1D595F1A14F2D300AE66C9 /* IconCollectionCell.h */,
				8A1D59601A14F2D300AE66C9 /* IconCollectionCell.m */,
			);
			path = Views;
			sourceTree = "<group>";
		};
		8A2C30F61A047A970017287B = {
			isa = PBXGroup;
			children = (
				8A2C31081A047A970017287B /* QLinkHD */,
				8A2C31211A047A970017287B /* QLinkHDTests */,
				8A2C31011A047A970017287B /* Frameworks */,
				8A2C31001A047A970017287B /* Products */,
			);
			sourceTree = "<group>";
		};
		8A2C31001A047A970017287B /* Products */ = {
			isa = PBXGroup;
			children = (
				8A2C30FF1A047A970017287B /* QLinkHD.app */,
				8A2C311A1A047A970017287B /* QLinkHDTests.xctest */,
			);
			name = Products;
			sourceTree = "<group>";
		};
		8A2C31011A047A970017287B /* Frameworks */ = {
			isa = PBXGroup;
			children = (
				8AAB93A21A050CD900B803FC /* libsqlite3.0.dylib */,
				8AAB93A31A050CD900B803FC /* libsqlite3.dylib */,
				8AAB93A01A050CCC00B803FC /* CFNetwork.framework */,
				8AAB939E1A050CC600B803FC /* SystemConfiguration.framework */,
				8AAB939C1A050CBB00B803FC /* MobileCoreServices.framework */,
				8AAB939A1A050CB500B803FC /* CoreLocation.framework */,
				8AAB93981A050CAC00B803FC /* Security.framework */,
				8AAB93961A050CA500B803FC /* libz.1.1.3.dylib */,
				8A2C31021A047A970017287B /* Foundation.framework */,
				8A2C31041A047A970017287B /* CoreGraphics.framework */,
				8A2C31061A047A970017287B /* UIKit.framework */,
				8A2C311B1A047A970017287B /* XCTest.framework */,
			);
			name = Frameworks;
			sourceTree = "<group>";
		};
		8A2C31081A047A970017287B /* QLinkHD */ = {
			isa = PBXGroup;
			children = (
				8A9B42BD1A05236D005CCC9C /* Common */,
				8AAB93481A04E02D00B803FC /* Package */,
				8A2C31351A0486D90017287B /* Controllers */,
				8A2C31111A047A970017287B /* AppDelegate.h */,
				8A2C31121A047A970017287B /* AppDelegate.m */,
				8A2C31141A047A970017287B /* Images.xcassets */,
				8A2C31091A047A970017287B /* Supporting Files */,
			);
			path = QLinkHD;
			sourceTree = "<group>";
		};
		8A2C31091A047A970017287B /* Supporting Files */ = {
			isa = PBXGroup;
			children = (
				8A2C310A1A047A970017287B /* QLinkHD-Info.plist */,
				8A2C310B1A047A970017287B /* InfoPlist.strings */,
				8A2C310E1A047A970017287B /* main.m */,
				8A2C31101A047A970017287B /* QLinkHD-Prefix.pch */,
			);
			name = "Supporting Files";
			sourceTree = "<group>";
		};
		8A2C31211A047A970017287B /* QLinkHDTests */ = {
			isa = PBXGroup;
			children = (
				8A2C31271A047A970017287B /* QLinkHDTests.m */,
				8A2C31221A047A970017287B /* Supporting Files */,
			);
			path = QLinkHDTests;
			sourceTree = "<group>";
		};
		8A2C31221A047A970017287B /* Supporting Files */ = {
			isa = PBXGroup;
			children = (
				8A2C31231A047A970017287B /* QLinkHDTests-Info.plist */,
				8A2C31241A047A970017287B /* InfoPlist.strings */,
			);
			name = "Supporting Files";
			sourceTree = "<group>";
		};
		8A2C31351A0486D90017287B /* Controllers */ = {
			isa = PBXGroup;
			children = (
				8A1D59581A14F24F00AE66C9 /* StoryBoards */,
				8A50E7971A0A6B2100E2AE99 /* CustomBoards */,
				8A2C31361A0486F00017287B /* LoginViewController.h */,
				8A2C31371A0486F00017287B /* LoginViewController.m */,
				8A9B42A81A051772005CCC9C /* SetupIpViewController.h */,
				8A9B42A91A051772005CCC9C /* SetupIpViewController.m */,
				8A9ED4E61A1B9764009136C6 /* BaseViewController.h */,
				8A9ED4E71A1B9764009136C6 /* BaseViewController.m */,
				8A9B42B81A051C3A005CCC9C /* MainViewController.h */,
				8A9B42B91A051C3A005CCC9C /* MainViewController.m */,
				8AA7FCAB1A18DA350017C703 /* IconViewController.h */,
				8AA7FCAC1A18DA350017C703 /* IconViewController.m */,
				8A9ED4E31A1B8C17009136C6 /* DeviceConfigViewController.h */,
				8A9ED4E41A1B8C17009136C6 /* DeviceConfigViewController.m */,
				8A49A0511A24CC7800697596 /* SenceConfigViewController.h */,
				8A49A0521A24CC7800697596 /* SenceConfigViewController.m */,
				8A3B54891A2B1FED00840614 /* RemoteViewController.h */,
				8A3B548A1A2B1FED00840614 /* RemoteViewController.m */,
				8A121FF91A2CABAB00B37EA5 /* LightViewController.h */,
				8A121FFA1A2CABAB00B37EA5 /* LightViewController.m */,
			);
			path = Controllers;
			sourceTree = "<group>";
		};
		8A50E7971A0A6B2100E2AE99 /* CustomBoards */ = {
			isa = PBXGroup;
			children = (
				8A50E7981A0A6B3400E2AE99 /* BottomBoard.h */,
				8A50E7991A0A6B3400E2AE99 /* BottomBoard.m */,
				8A50E79B1A0A6B6700E2AE99 /* BottomView.h */,
				8A50E79C1A0A6B6700E2AE99 /* BottomView.m */,
				8A50E7A91A0A792000E2AE99 /* BottomView.xib */,
				8A1C36C91A0F68BB00E5A3B4 /* LeftBoard.h */,
				8A1C36CA1A0F68BB00E5A3B4 /* LeftBoard.m */,
				8A706BC71A1112060000C3FF /* LeftView.h */,
				8A706BC81A1112060000C3FF /* LeftView.m */,
				8A706BCA1A1112150000C3FF /* LeftView.xib */,
				8A206D4B1A16E5FC001A8CB5 /* RoomButton.h */,
				8A206D4C1A16E5FC001A8CB5 /* RoomButton.m */,
				8AA7FCB31A18E4B10017C703 /* BottomRightView.h */,
				8AA7FCB41A18E4B10017C703 /* BottomRightView.m */,
				8AA7FCB61A18E4C90017C703 /* BottomRightView.xib */,
				8A26D5E61A1E2E560013C9C0 /* SenceCell.h */,
				8A26D5E71A1E2E560013C9C0 /* SenceCell.m */,
				8AA18B971A1CE46C000C7D09 /* SenceCell.xib */,
				8AB6FBE81A276F25003EA0C6 /* SenceConfigCell.h */,
				8AB6FBE91A276F25003EA0C6 /* SenceConfigCell.m */,
			);
			path = CustomBoards;
			sourceTree = "<group>";
		};
		8A50E7A31A0A730500E2AE99 /* UI_extend */ = {
			isa = PBXGroup;
			children = (
				8A49A0A51A24D85300697596 /* OrderButton.h */,
				8A49A0A61A24D85300697596 /* OrderButton.m */,
				8A49A0A21A24D33C00697596 /* MySlider.h */,
				8A49A0A31A24D33C00697596 /* MySlider.m */,
				8A50E7A41A0A731600E2AE99 /* UIView+xib.h */,
				8A50E7A51A0A731600E2AE99 /* UIView+xib.m */,
				8A908ED31A0E2DAE00AF9FB9 /* UIButton+image.h */,
				8A908ED41A0E2DAE00AF9FB9 /* UIButton+image.m */,
			);
			name = UI_extend;
			path = QLinkHD/UI_extend;
			sourceTree = SOURCE_ROOT;
		};
		8A9B42BD1A05236D005CCC9C /* Common */ = {
			isa = PBXGroup;
			children = (
				8A0422C11A18955B00D50A39 /* DeviceConfigIconPlist.plist */,
				8A0422C21A18955B00D50A39 /* iConPlist.plist */,
				8A50E7A31A0A730500E2AE99 /* UI_extend */,
				8A9B42C01A05236D005CCC9C /* DataUtil.h */,
				8A9B42C11A05236D005CCC9C /* DataUtil.m */,
				8A9B42C21A05236D005CCC9C /* Model.h */,
				8A9B42C31A05236D005CCC9C /* Model.m */,
				8A9B42C41A05236D005CCC9C /* NetworkUtil.h */,
				8A9B42C51A05236D005CCC9C /* NetworkUtil.m */,
				8A9B42C61A05236D005CCC9C /* NSData+NSDataBytesToHex.h */,
				8A9B42C71A05236D005CCC9C /* NSData+NSDataBytesToHex.m */,
				8A9B42C81A05236D005CCC9C /* NSString+NSStringHexToBytes.h */,
				8A9B42C91A05236D005CCC9C /* NSString+NSStringHexToBytes.m */,
				8A9B42CA1A05236D005CCC9C /* QLink.sqlite */,
				8A9B42CB1A05236D005CCC9C /* SQLiteUtil.h */,
				8A9B42CC1A05236D005CCC9C /* SQLiteUtil.m */,
				8A9ED4EC1A1B985C009136C6 /* ActionNullClass.h */,
				8A9ED4ED1A1B985C009136C6 /* ActionNullClass.m */,
			);
			path = Common;
			sourceTree = "<group>";
		};
		8AAB93481A04E02D00B803FC /* Package */ = {
			isa = PBXGroup;
			children = (
				8AB89B611A18C59900183AE5 /* MKAdditions */,
				8AAB93491A04E05400B803FC /* AFNetworking */,
				8AAB935D1A04E05400B803FC /* fmdb */,
				8AAB93691A04E05400B803FC /* SimplePingHelper */,
				8AAB936E1A04E05400B803FC /* Socket */,
				8AAB93731A04E05400B803FC /* SVProgressHUD */,
				8AAB93771A04E05400B803FC /* XMLDictionary */,
			);
			path = Package;
			sourceTree = "<group>";
		};
		8AAB93491A04E05400B803FC /* AFNetworking */ = {
			isa = PBXGroup;
			children = (
				8AAB934A1A04E05400B803FC /* AFHTTPRequestOperation.h */,
				8AAB934B1A04E05400B803FC /* AFHTTPRequestOperation.m */,
				8AAB934C1A04E05400B803FC /* AFHTTPRequestOperationManager.h */,
				8AAB934D1A04E05400B803FC /* AFHTTPRequestOperationManager.m */,
				8AAB934E1A04E05400B803FC /* AFHTTPSessionManager.h */,
				8AAB934F1A04E05400B803FC /* AFHTTPSessionManager.m */,
				8AAB93501A04E05400B803FC /* AFNetworking.h */,
				8AAB93511A04E05400B803FC /* AFNetworkReachabilityManager.h */,
				8AAB93521A04E05400B803FC /* AFNetworkReachabilityManager.m */,
				8AAB93531A04E05400B803FC /* AFSecurityPolicy.h */,
				8AAB93541A04E05400B803FC /* AFSecurityPolicy.m */,
				8AAB93551A04E05400B803FC /* AFURLConnectionOperation.h */,
				8AAB93561A04E05400B803FC /* AFURLConnectionOperation.m */,
				8AAB93571A04E05400B803FC /* AFURLRequestSerialization.h */,
				8AAB93581A04E05400B803FC /* AFURLRequestSerialization.m */,
				8AAB93591A04E05400B803FC /* AFURLResponseSerialization.h */,
				8AAB935A1A04E05400B803FC /* AFURLResponseSerialization.m */,
				8AAB935B1A04E05400B803FC /* AFURLSessionManager.h */,
				8AAB935C1A04E05400B803FC /* AFURLSessionManager.m */,
			);
			path = AFNetworking;
			sourceTree = "<group>";
		};
		8AAB935D1A04E05400B803FC /* fmdb */ = {
			isa = PBXGroup;
			children = (
				8AAB935E1A04E05400B803FC /* FMDatabase.h */,
				8AAB935F1A04E05400B803FC /* FMDatabase.m */,
				8AAB93601A04E05400B803FC /* FMDatabaseAdditions.h */,
				8AAB93611A04E05400B803FC /* FMDatabaseAdditions.m */,
				8AAB93621A04E05400B803FC /* FMDatabasePool.h */,
				8AAB93631A04E05400B803FC /* FMDatabasePool.m */,
				8AAB93641A04E05400B803FC /* FMDatabaseQueue.h */,
				8AAB93651A04E05400B803FC /* FMDatabaseQueue.m */,
				8AAB93661A04E05400B803FC /* FMDB.h */,
				8AAB93671A04E05400B803FC /* FMResultSet.h */,
				8AAB93681A04E05400B803FC /* FMResultSet.m */,
			);
			path = fmdb;
			sourceTree = "<group>";
		};
		8AAB93691A04E05400B803FC /* SimplePingHelper */ = {
			isa = PBXGroup;
			children = (
				8AAB936A1A04E05400B803FC /* SimplePing.h */,
				8AAB936B1A04E05400B803FC /* SimplePing.m */,
				8AAB936C1A04E05400B803FC /* SimplePingHelper.h */,
				8AAB936D1A04E05400B803FC /* SimplePingHelper.m */,
			);
			path = SimplePingHelper;
			sourceTree = "<group>";
		};
		8AAB936E1A04E05400B803FC /* Socket */ = {
			isa = PBXGroup;
			children = (
				8AAB936F1A04E05400B803FC /* GCDAsyncSocket.h */,
				8AAB93701A04E05400B803FC /* GCDAsyncSocket.m */,
				8AAB93711A04E05400B803FC /* GCDAsyncUdpSocket.h */,
				8AAB93721A04E05400B803FC /* GCDAsyncUdpSocket.m */,
			);
			path = Socket;
			sourceTree = "<group>";
		};
		8AAB93731A04E05400B803FC /* SVProgressHUD */ = {
			isa = PBXGroup;
			children = (
				8AAB93741A04E05400B803FC /* SVProgressHUD.bundle */,
				8AAB93751A04E05400B803FC /* SVProgressHUD.h */,
				8AAB93761A04E05400B803FC /* SVProgressHUD.m */,
			);
			path = SVProgressHUD;
			sourceTree = "<group>";
		};
		8AAB93771A04E05400B803FC /* XMLDictionary */ = {
			isa = PBXGroup;
			children = (
				8AAB93781A04E05400B803FC /* XMLDictionary.h */,
				8AAB93791A04E05400B803FC /* XMLDictionary.m */,
			);
			path = XMLDictionary;
			sourceTree = "<group>";
		};
		8AB89B611A18C59900183AE5 /* MKAdditions */ = {
			isa = PBXGroup;
			children = (
				8AB89B621A18C59900183AE5 /* MKBlockAdditions.h */,
				8AB89B631A18C59900183AE5 /* NSObject+MKBlockAdditions.h */,
				8AB89B641A18C59900183AE5 /* NSObject+MKBlockAdditions.m */,
				8AB89B651A18C59900183AE5 /* UIActionSheet+MKBlockAdditions.h */,
				8AB89B661A18C59900183AE5 /* UIActionSheet+MKBlockAdditions.m */,
				8AB89B671A18C59900183AE5 /* UIAlertView+MKBlockAdditions.h */,
				8AB89B681A18C59900183AE5 /* UIAlertView+MKBlockAdditions.m */,
			);
			path = MKAdditions;
			sourceTree = "<group>";
		};
/* End PBXGroup section */

/* Begin PBXNativeTarget section */
		8A2C30FE1A047A970017287B /* QLinkHD */ = {
			isa = PBXNativeTarget;
			buildConfigurationList = 8A2C312B1A047A970017287B /* Build configuration list for PBXNativeTarget "QLinkHD" */;
			buildPhases = (
				8A2C30FB1A047A970017287B /* Sources */,
				8A2C30FC1A047A970017287B /* Frameworks */,
				8A2C30FD1A047A970017287B /* Resources */,
			);
			buildRules = (
			);
			dependencies = (
			);
			name = QLinkHD;
			productName = QLinkHD;
			productReference = 8A2C30FF1A047A970017287B /* QLinkHD.app */;
			productType = "com.apple.product-type.application";
		};
		8A2C31191A047A970017287B /* QLinkHDTests */ = {
			isa = PBXNativeTarget;
			buildConfigurationList = 8A2C312E1A047A970017287B /* Build configuration list for PBXNativeTarget "QLinkHDTests" */;
			buildPhases = (
				8A2C31161A047A970017287B /* Sources */,
				8A2C31171A047A970017287B /* Frameworks */,
				8A2C31181A047A970017287B /* Resources */,
			);
			buildRules = (
			);
			dependencies = (
				8A2C31201A047A970017287B /* PBXTargetDependency */,
			);
			name = QLinkHDTests;
			productName = QLinkHDTests;
			productReference = 8A2C311A1A047A970017287B /* QLinkHDTests.xctest */;
			productType = "com.apple.product-type.bundle.unit-test";
		};
/* End PBXNativeTarget section */

/* Begin PBXProject section */
		8A2C30F71A047A970017287B /* Project object */ = {
			isa = PBXProject;
			attributes = {
				LastUpgradeCheck = 0510;
				ORGANIZATIONNAME = SANSAN;
				TargetAttributes = {
					8A2C31191A047A970017287B = {
						TestTargetID = 8A2C30FE1A047A970017287B;
					};
				};
			};
			buildConfigurationList = 8A2C30FA1A047A970017287B /* Build configuration list for PBXProject "QLinkHD" */;
			compatibilityVersion = "Xcode 3.2";
			developmentRegion = English;
			hasScannedForEncodings = 0;
			knownRegions = (
				en,
			);
			mainGroup = 8A2C30F61A047A970017287B;
			productRefGroup = 8A2C31001A047A970017287B /* Products */;
			projectDirPath = "";
			projectRoot = "";
			targets = (
				8A2C30FE1A047A970017287B /* QLinkHD */,
				8A2C31191A047A970017287B /* QLinkHDTests */,
			);
		};
/* End PBXProject section */

/* Begin PBXResourcesBuildPhase section */
		8A2C30FD1A047A970017287B /* Resources */ = {
			isa = PBXResourcesBuildPhase;
			buildActionMask = 2147483647;
			files = (
				8A2C310D1A047A970017287B /* InfoPlist.strings in Resources */,
				8A9B42D31A05236D005CCC9C /* QLink.sqlite in Resources */,
				8A49A0971A24CF3200697596 /* PlView.xib in Resources */,
				8A49A0841A24CF3200697596 /* BsTcView.xib in Resources */,
				8AA7FCB71A18E4C90017C703 /* BottomRightView.xib in Resources */,
				8A9B3CCB1A1A347400FABB46 /* RenameView.xib in Resources */,
				8A49A08D1A24CF3200697596 /* LightBcView.xib in Resources */,
				8AB6FBE71A275F27003EA0C6 /* SenceConfig.storyboard in Resources */,
				8A49A0911A24CF3200697596 /* McView.xib in Resources */,
				8A49A09B1A24CF3200697596 /* StudyTimerView.xib in Resources */,
				8A1D595D1A14F24F00AE66C9 /* Login.storyboard in Resources */,
				8A1D595E1A14F24F00AE66C9 /* Main.storyboard in Resources */,
				8AA18B981A1CE46C000C7D09 /* SenceCell.xib in Resources */,
				8A49A0951A24CF3200697596 /* OtView.xib in Resources */,
				8A49A09D1A24CF3200697596 /* SwView.xib in Resources */,
				8A49A09F1A24CF3200697596 /* SwView1.xib in Resources */,
				8A49A08F1A24CF3200697596 /* LightBriView.xib in Resources */,
				8A0422C41A18955B00D50A39 /* iConPlist.plist in Resources */,
				8A49A08B1A24CF3200697596 /* LightBbView.xib in Resources */,
				8A49A0991A24CF3200697596 /* SdView.xib in Resources */,
				8A706BCB1A1112150000C3FF /* LeftView.xib in Resources */,
				8A49A0A11A24CF3200697596 /* TrView.xib in Resources */,
				8A49A0881A24CF3200697596 /* HsView.xib in Resources */,
				8A2C31151A047A970017287B /* Images.xcassets in Resources */,
				8A0422C31A18955B00D50A39 /* DeviceConfigIconPlist.plist in Resources */,
				8AAB938C1A04E05400B803FC /* SVProgressHUD.bundle in Resources */,
				8A50E7AA1A0A792000E2AE99 /* BottomView.xib in Resources */,
				8A49A0861A24CF3200697596 /* DtView.xib in Resources */,
				8AA7FCB11A18DB150017C703 /* Icon.storyboard in Resources */,
				8A49A0931A24CF3200697596 /* NmView.xib in Resources */,
			);
			runOnlyForDeploymentPostprocessing = 0;
		};
		8A2C31181A047A970017287B /* Resources */ = {
			isa = PBXResourcesBuildPhase;
			buildActionMask = 2147483647;
			files = (
				8A2C31261A047A970017287B /* InfoPlist.strings in Resources */,
			);
			runOnlyForDeploymentPostprocessing = 0;
		};
/* End PBXResourcesBuildPhase section */

/* Begin PBXSourcesBuildPhase section */
		8A2C30FB1A047A970017287B /* Sources */ = {
			isa = PBXSourcesBuildPhase;
			buildActionMask = 2147483647;
			files = (
				8A9B42D21A05236D005CCC9C /* NSString+NSStringHexToBytes.m in Sources */,
				8A9B42AA1A051772005CCC9C /* SetupIpViewController.m in Sources */,
				8AAB937A1A04E05400B803FC /* AFHTTPRequestOperation.m in Sources */,
				8A9ED4E51A1B8C17009136C6 /* DeviceConfigViewController.m in Sources */,
				8A2C31131A047A970017287B /* AppDelegate.m in Sources */,
				8A49A0981A24CF3200697596 /* SdView.m in Sources */,
				8AAB93831A04E05400B803FC /* FMDatabase.m in Sources */,
				8AAB93881A04E05400B803FC /* SimplePing.m in Sources */,
				8A49A09C1A24CF3200697596 /* SwView.m in Sources */,
				8A49A08E1A24CF3200697596 /* LightBriView.m in Sources */,
				8AAB938B1A04E05400B803FC /* GCDAsyncUdpSocket.m in Sources */,
				8AAB937B1A04E05400B803FC /* AFHTTPRequestOperationManager.m in Sources */,
				8A206D4D1A16E5FC001A8CB5 /* RoomButton.m in Sources */,
				8AAB937D1A04E05400B803FC /* AFNetworkReachabilityManager.m in Sources */,
				8A49A09A1A24CF3200697596 /* StudyTimerView.m in Sources */,
				8A26D5E81A1E2E560013C9C0 /* SenceCell.m in Sources */,
				8AAB93841A04E05400B803FC /* FMDatabaseAdditions.m in Sources */,
				8AAB93811A04E05400B803FC /* AFURLResponseSerialization.m in Sources */,
				8A50E79A1A0A6B3400E2AE99 /* BottomBoard.m in Sources */,
				8AAB938E1A04E05400B803FC /* XMLDictionary.m in Sources */,
				8A9B42CF1A05236D005CCC9C /* Model.m in Sources */,
				8A49A0A41A24D33C00697596 /* MySlider.m in Sources */,
				8A1D59611A14F2D300AE66C9 /* IconCollectionCell.m in Sources */,
				8AAB938D1A04E05400B803FC /* SVProgressHUD.m in Sources */,
				8AAB93891A04E05400B803FC /* SimplePingHelper.m in Sources */,
				8AAB93851A04E05400B803FC /* FMDatabasePool.m in Sources */,
				8A49A0531A24CC7800697596 /* SenceConfigViewController.m in Sources */,
				8A49A0851A24CF3200697596 /* DtView.m in Sources */,
				8A9B42D01A05236D005CCC9C /* NetworkUtil.m in Sources */,
				8A49A0961A24CF3200697596 /* PlView.m in Sources */,
				8A49A0921A24CF3200697596 /* NmView.m in Sources */,
				8A1C36CB1A0F68BB00E5A3B4 /* LeftBoard.m in Sources */,
				8AAB937F1A04E05400B803FC /* AFURLConnectionOperation.m in Sources */,
				8A9B42CE1A05236D005CCC9C /* DataUtil.m in Sources */,
				8A49A0941A24CF3200697596 /* OtView.m in Sources */,
				8AA7FCAD1A18DA350017C703 /* IconViewController.m in Sources */,
				8A9ED4E81A1B9764009136C6 /* BaseViewController.m in Sources */,
				8A9B42BA1A051C3A005CCC9C /* MainViewController.m in Sources */,
				8AAB93861A04E05400B803FC /* FMDatabaseQueue.m in Sources */,
				8A49A0A01A24CF3200697596 /* TrView.m in Sources */,
				8A706BC91A1112060000C3FF /* LeftView.m in Sources */,
				8A49A08A1A24CF3200697596 /* LightBbView.m in Sources */,
				8AB89B6B1A18C59900183AE5 /* UIAlertView+MKBlockAdditions.m in Sources */,
				8A50E7A61A0A731600E2AE99 /* UIView+xib.m in Sources */,
				8A3B548B1A2B1FED00840614 /* RemoteViewController.m in Sources */,
				8A49A0831A24CF3200697596 /* BsTcView.m in Sources */,
				8AB89B691A18C59900183AE5 /* NSObject+MKBlockAdditions.m in Sources */,
				8A9B42D11A05236D005CCC9C /* NSData+NSDataBytesToHex.m in Sources */,
				8A9B42D41A05236D005CCC9C /* SQLiteUtil.m in Sources */,
				8AAB937E1A04E05400B803FC /* AFSecurityPolicy.m in Sources */,
				8A49A08C1A24CF3200697596 /* LightBcView.m in Sources */,
				8A121FFB1A2CABAB00B37EA5 /* LightViewController.m in Sources */,
				8A908ED51A0E2DAE00AF9FB9 /* UIButton+image.m in Sources */,
				8AA7FCB51A18E4B10017C703 /* BottomRightView.m in Sources */,
				8A49A0901A24CF3200697596 /* McView.m in Sources */,
				8AAB937C1A04E05400B803FC /* AFHTTPSessionManager.m in Sources */,
				8A49A0871A24CF3200697596 /* HsView.m in Sources */,
				8AAB93801A04E05400B803FC /* AFURLRequestSerialization.m in Sources */,
				8AB6FBEA1A276F25003EA0C6 /* SenceConfigCell.m in Sources */,
				8A49A0A71A24D85300697596 /* OrderButton.m in Sources */,
				8A49A09E1A24CF3200697596 /* SwView1.m in Sources */,
				8A9B3CCA1A1A347400FABB46 /* RenameView.m in Sources */,
				8AAB93871A04E05400B803FC /* FMResultSet.m in Sources */,
				8AB89B6A1A18C59900183AE5 /* UIActionSheet+MKBlockAdditions.m in Sources */,
				8AAB938A1A04E05400B803FC /* GCDAsyncSocket.m in Sources */,
				8A9ED4EE1A1B985C009136C6 /* ActionNullClass.m in Sources */,
				8AAB93821A04E05400B803FC /* AFURLSessionManager.m in Sources */,
				8A50E79D1A0A6B6700E2AE99 /* BottomView.m in Sources */,
				8A2C310F1A047A970017287B /* main.m in Sources */,
				8A2C31381A0486F00017287B /* LoginViewController.m in Sources */,
			);
			runOnlyForDeploymentPostprocessing = 0;
		};
		8A2C31161A047A970017287B /* Sources */ = {
			isa = PBXSourcesBuildPhase;
			buildActionMask = 2147483647;
			files = (
				8A2C31281A047A970017287B /* QLinkHDTests.m in Sources */,
			);
			runOnlyForDeploymentPostprocessing = 0;
		};
/* End PBXSourcesBuildPhase section */

/* Begin PBXTargetDependency section */
		8A2C31201A047A970017287B /* PBXTargetDependency */ = {
			isa = PBXTargetDependency;
			target = 8A2C30FE1A047A970017287B /* QLinkHD */;
			targetProxy = 8A2C311F1A047A970017287B /* PBXContainerItemProxy */;
		};
/* End PBXTargetDependency section */

/* Begin PBXVariantGroup section */
		8A2C310B1A047A970017287B /* InfoPlist.strings */ = {
			isa = PBXVariantGroup;
			children = (
				8A2C310C1A047A970017287B /* en */,
			);
			name = InfoPlist.strings;
			sourceTree = "<group>";
		};
		8A2C31241A047A970017287B /* InfoPlist.strings */ = {
			isa = PBXVariantGroup;
			children = (
				8A2C31251A047A970017287B /* en */,
			);
			name = InfoPlist.strings;
			sourceTree = "<group>";
		};
/* End PBXVariantGroup section */

/* Begin XCBuildConfiguration section */
		8A2C31291A047A970017287B /* Debug */ = {
			isa = XCBuildConfiguration;
			buildSettings = {
				ALWAYS_SEARCH_USER_PATHS = NO;
				CLANG_CXX_LANGUAGE_STANDARD = "gnu++0x";
				CLANG_CXX_LIBRARY = "libc++";
				CLANG_ENABLE_MODULES = YES;
				CLANG_ENABLE_OBJC_ARC = YES;
				CLANG_WARN_BOOL_CONVERSION = YES;
				CLANG_WARN_CONSTANT_CONVERSION = YES;
				CLANG_WARN_DIRECT_OBJC_ISA_USAGE = YES_ERROR;
				CLANG_WARN_EMPTY_BODY = YES;
				CLANG_WARN_ENUM_CONVERSION = YES;
				CLANG_WARN_INT_CONVERSION = YES;
				CLANG_WARN_OBJC_ROOT_CLASS = YES_ERROR;
				CLANG_WARN__DUPLICATE_METHOD_MATCH = YES;
				"CODE_SIGN_IDENTITY[sdk=iphoneos*]" = "iPhone Developer";
				COPY_PHASE_STRIP = NO;
				GCC_C_LANGUAGE_STANDARD = gnu99;
				GCC_DYNAMIC_NO_PIC = NO;
				GCC_OPTIMIZATION_LEVEL = 0;
				GCC_PREPROCESSOR_DEFINITIONS = (
					"DEBUG=1",
					"$(inherited)",
				);
				GCC_SYMBOLS_PRIVATE_EXTERN = NO;
				GCC_WARN_64_TO_32_BIT_CONVERSION = YES;
				GCC_WARN_ABOUT_RETURN_TYPE = YES_ERROR;
				GCC_WARN_UNDECLARED_SELECTOR = YES;
				GCC_WARN_UNINITIALIZED_AUTOS = YES_AGGRESSIVE;
				GCC_WARN_UNUSED_FUNCTION = YES;
				GCC_WARN_UNUSED_VARIABLE = YES;
				IPHONEOS_DEPLOYMENT_TARGET = 7.1;
				ONLY_ACTIVE_ARCH = YES;
				SDKROOT = iphoneos;
				TARGETED_DEVICE_FAMILY = 2;
			};
			name = Debug;
		};
		8A2C312A1A047A970017287B /* Release */ = {
			isa = XCBuildConfiguration;
			buildSettings = {
				ALWAYS_SEARCH_USER_PATHS = NO;
				CLANG_CXX_LANGUAGE_STANDARD = "gnu++0x";
				CLANG_CXX_LIBRARY = "libc++";
				CLANG_ENABLE_MODULES = YES;
				CLANG_ENABLE_OBJC_ARC = YES;
				CLANG_WARN_BOOL_CONVERSION = YES;
				CLANG_WARN_CONSTANT_CONVERSION = YES;
				CLANG_WARN_DIRECT_OBJC_ISA_USAGE = YES_ERROR;
				CLANG_WARN_EMPTY_BODY = YES;
				CLANG_WARN_ENUM_CONVERSION = YES;
				CLANG_WARN_INT_CONVERSION = YES;
				CLANG_WARN_OBJC_ROOT_CLASS = YES_ERROR;
				CLANG_WARN__DUPLICATE_METHOD_MATCH = YES;
				"CODE_SIGN_IDENTITY[sdk=iphoneos*]" = "iPhone Developer";
				COPY_PHASE_STRIP = YES;
				ENABLE_NS_ASSERTIONS = NO;
				GCC_C_LANGUAGE_STANDARD = gnu99;
				GCC_WARN_64_TO_32_BIT_CONVERSION = YES;
				GCC_WARN_ABOUT_RETURN_TYPE = YES_ERROR;
				GCC_WARN_UNDECLARED_SELECTOR = YES;
				GCC_WARN_UNINITIALIZED_AUTOS = YES_AGGRESSIVE;
				GCC_WARN_UNUSED_FUNCTION = YES;
				GCC_WARN_UNUSED_VARIABLE = YES;
				IPHONEOS_DEPLOYMENT_TARGET = 7.1;
				SDKROOT = iphoneos;
				TARGETED_DEVICE_FAMILY = 2;
				VALIDATE_PRODUCT = YES;
			};
			name = Release;
		};
		8A2C312C1A047A970017287B /* Debug */ = {
			isa = XCBuildConfiguration;
			buildSettings = {
				ASSETCATALOG_COMPILER_APPICON_NAME = AppIcon;
				ASSETCATALOG_COMPILER_LAUNCHIMAGE_NAME = LaunchImage;
				GCC_PRECOMPILE_PREFIX_HEADER = YES;
				GCC_PREFIX_HEADER = "QLinkHD/QLinkHD-Prefix.pch";
				INFOPLIST_FILE = "QLinkHD/QLinkHD-Info.plist";
				IPHONEOS_DEPLOYMENT_TARGET = 6.1;
				PRODUCT_NAME = "$(TARGET_NAME)";
				WRAPPER_EXTENSION = app;
			};
			name = Debug;
		};
		8A2C312D1A047A970017287B /* Release */ = {
			isa = XCBuildConfiguration;
			buildSettings = {
				ASSETCATALOG_COMPILER_APPICON_NAME = AppIcon;
				ASSETCATALOG_COMPILER_LAUNCHIMAGE_NAME = LaunchImage;
				GCC_PRECOMPILE_PREFIX_HEADER = YES;
				GCC_PREFIX_HEADER = "QLinkHD/QLinkHD-Prefix.pch";
				INFOPLIST_FILE = "QLinkHD/QLinkHD-Info.plist";
				IPHONEOS_DEPLOYMENT_TARGET = 6.1;
				PRODUCT_NAME = "$(TARGET_NAME)";
				WRAPPER_EXTENSION = app;
			};
			name = Release;
		};
		8A2C312F1A047A970017287B /* Debug */ = {
			isa = XCBuildConfiguration;
			buildSettings = {
				BUNDLE_LOADER = "$(BUILT_PRODUCTS_DIR)/QLinkHD.app/QLinkHD";
				FRAMEWORK_SEARCH_PATHS = (
					"$(SDKROOT)/Developer/Library/Frameworks",
					"$(inherited)",
					"$(DEVELOPER_FRAMEWORKS_DIR)",
				);
				GCC_PRECOMPILE_PREFIX_HEADER = YES;
				GCC_PREFIX_HEADER = "QLinkHD/QLinkHD-Prefix.pch";
				GCC_PREPROCESSOR_DEFINITIONS = (
					"DEBUG=1",
					"$(inherited)",
				);
				INFOPLIST_FILE = "QLinkHDTests/QLinkHDTests-Info.plist";
				PRODUCT_NAME = "$(TARGET_NAME)";
				TEST_HOST = "$(BUNDLE_LOADER)";
				WRAPPER_EXTENSION = xctest;
			};
			name = Debug;
		};
		8A2C31301A047A970017287B /* Release */ = {
			isa = XCBuildConfiguration;
			buildSettings = {
				BUNDLE_LOADER = "$(BUILT_PRODUCTS_DIR)/QLinkHD.app/QLinkHD";
				FRAMEWORK_SEARCH_PATHS = (
					"$(SDKROOT)/Developer/Library/Frameworks",
					"$(inherited)",
					"$(DEVELOPER_FRAMEWORKS_DIR)",
				);
				GCC_PRECOMPILE_PREFIX_HEADER = YES;
				GCC_PREFIX_HEADER = "QLinkHD/QLinkHD-Prefix.pch";
				INFOPLIST_FILE = "QLinkHDTests/QLinkHDTests-Info.plist";
				PRODUCT_NAME = "$(TARGET_NAME)";
				TEST_HOST = "$(BUNDLE_LOADER)";
				WRAPPER_EXTENSION = xctest;
			};
			name = Release;
		};
/* End XCBuildConfiguration section */

/* Begin XCConfigurationList section */
		8A2C30FA1A047A970017287B /* Build configuration list for PBXProject "QLinkHD" */ = {
			isa = XCConfigurationList;
			buildConfigurations = (
				8A2C31291A047A970017287B /* Debug */,
				8A2C312A1A047A970017287B /* Release */,
			);
			defaultConfigurationIsVisible = 0;
			defaultConfigurationName = Release;
		};
		8A2C312B1A047A970017287B /* Build configuration list for PBXNativeTarget "QLinkHD" */ = {
			isa = XCConfigurationList;
			buildConfigurations = (
				8A2C312C1A047A970017287B /* Debug */,
				8A2C312D1A047A970017287B /* Release */,
			);
			defaultConfigurationIsVisible = 0;
			defaultConfigurationName = Release;
		};
		8A2C312E1A047A970017287B /* Build configuration list for PBXNativeTarget "QLinkHDTests" */ = {
			isa = XCConfigurationList;
			buildConfigurations = (
				8A2C312F1A047A970017287B /* Debug */,
				8A2C31301A047A970017287B /* Release */,
			);
			defaultConfigurationIsVisible = 0;
			defaultConfigurationName = Release;
		};
/* End XCConfigurationList section */
	};
	rootObject = 8A2C30F71A047A970017287B /* Project object */;
}
